// !$*UTF8*$!
{
	archiveVersion = 1;
	classes = {
	};
	objectVersion = 46;
	objects = {

/* Begin PBXBuildFile section */
		54005C941B07560400BF0732 /* MRApplicationState+Sync.swift in Sources */ = {isa = PBXBuildFile; fileRef = 54005C931B07560400BF0732 /* MRApplicationState+Sync.swift */; };
		54005C961B07566900BF0732 /* MRDataModel+Housekeeping.swift in Sources */ = {isa = PBXBuildFile; fileRef = 54005C951B07566900BF0732 /* MRDataModel+Housekeeping.swift */; };
		54005C981B07641F00BF0732 /* MRExercisePlanDeviation+Marshalling.swift in Sources */ = {isa = PBXBuildFile; fileRef = 54005C971B07641F00BF0732 /* MRExercisePlanDeviation+Marshalling.swift */; };
		54005C9A1B07647100BF0732 /* MRExercisePlanItem+Marshalling.swift in Sources */ = {isa = PBXBuildFile; fileRef = 54005C991B07647100BF0732 /* MRExercisePlanItem+Marshalling.swift */; };
		54005C9C1B0764E300BF0732 /* MRRest+Marshalling.swift in Sources */ = {isa = PBXBuildFile; fileRef = 54005C9B1B0764E300BF0732 /* MRRest+Marshalling.swift */; };
		5403814C1AEBBE45000C8B15 /* export.cc in Sources */ = {isa = PBXBuildFile; fileRef = 5403814B1AEBBE45000C8B15 /* export.cc */; };
		540381511AEC2B5A000C8B15 /* MRButton.swift in Sources */ = {isa = PBXBuildFile; fileRef = 540381501AEC2B5A000C8B15 /* MRButton.swift */; };
		540381531AEC3567000C8B15 /* MRTypes.swift in Sources */ = {isa = PBXBuildFile; fileRef = 540381521AEC3567000C8B15 /* MRTypes.swift */; };
		540381551AECFB05000C8B15 /* MRExerciseSessionClassificationCompletedViewController.swift in Sources */ = {isa = PBXBuildFile; fileRef = 540381541AECFB05000C8B15 /* MRExerciseSessionClassificationCompletedViewController.swift */; };
		540381571AECFB25000C8B15 /* MRSensorView.swift in Sources */ = {isa = PBXBuildFile; fileRef = 540381561AECFB25000C8B15 /* MRSensorView.swift */; };
		5403815F1AED28A0000C8B15 /* Settings.bundle in Resources */ = {isa = PBXBuildFile; fileRef = 5403815E1AED28A0000C8B15 /* Settings.bundle */; };
		540381611AED2F85000C8B15 /* MRExerciseSetExample.swift in Sources */ = {isa = PBXBuildFile; fileRef = 540381601AED2F85000C8B15 /* MRExerciseSetExample.swift */; };
		540381631AED2FD1000C8B15 /* MRExerciseSetExample+Marshalling.swift in Sources */ = {isa = PBXBuildFile; fileRef = 540381621AED2FD1000C8B15 /* MRExerciseSetExample+Marshalling.swift */; };
		5403A87A1AF3B3D000FB8381 /* MRHomeViewController.swift in Sources */ = {isa = PBXBuildFile; fileRef = 5403A8791AF3B3D000FB8381 /* MRHomeViewController.swift */; };
		541ABBA41AC577E00056A81B /* MRAppDelegate.swift in Sources */ = {isa = PBXBuildFile; fileRef = 541ABBA31AC577E00056A81B /* MRAppDelegate.swift */; };
		541ABBA61AC577E00056A81B /* MRExerciseSessionDeviceDataViewController.swift in Sources */ = {isa = PBXBuildFile; fileRef = 541ABBA51AC577E00056A81B /* MRExerciseSessionDeviceDataViewController.swift */; };
		541ABBA91AC577E00056A81B /* Main.storyboard in Resources */ = {isa = PBXBuildFile; fileRef = 541ABBA71AC577E00056A81B /* Main.storyboard */; };
		541ABBAB1AC577E00056A81B /* Images.xcassets in Resources */ = {isa = PBXBuildFile; fileRef = 541ABBAA1AC577E00056A81B /* Images.xcassets */; };
		541ABBAE1AC577E00056A81B /* LaunchScreen.xib in Resources */ = {isa = PBXBuildFile; fileRef = 541ABBAC1AC577E00056A81B /* LaunchScreen.xib */; };
		541ABBBA1AC577E00056A81B /* MuvrTests.swift in Sources */ = {isa = PBXBuildFile; fileRef = 541ABBB91AC577E00056A81B /* MuvrTests.swift */; };
		542AB2131ACC4FD100F20299 /* piecewise_aggregate_approximation.cc in Sources */ = {isa = PBXBuildFile; fileRef = 542AB20C1ACC4FD100F20299 /* piecewise_aggregate_approximation.cc */; };
		542AB2171ACC4FD100F20299 /* sensor_data_fuser.cc in Sources */ = {isa = PBXBuildFile; fileRef = 542AB2101ACC4FD100F20299 /* sensor_data_fuser.cc */; };
		542AB2181ACC4FD100F20299 /* symbol_alphabet.cc in Sources */ = {isa = PBXBuildFile; fileRef = 542AB2111ACC4FD100F20299 /* symbol_alphabet.cc */; };
		542AB2191ACC4FD100F20299 /* symbolic_aggregate_approximation.cc in Sources */ = {isa = PBXBuildFile; fileRef = 542AB2121ACC4FD100F20299 /* symbolic_aggregate_approximation.cc */; };
		543374131AD01060005864D7 /* MRRawPebbleDeviceSession.swift in Sources */ = {isa = PBXBuildFile; fileRef = 543374121AD01060005864D7 /* MRRawPebbleDeviceSession.swift */; };
		5433741C1AD010B1005864D7 /* Array.swift in Sources */ = {isa = PBXBuildFile; fileRef = 543374151AD010B1005864D7 /* Array.swift */; };
		5433741D1AD010B1005864D7 /* Box.swift in Sources */ = {isa = PBXBuildFile; fileRef = 543374161AD010B1005864D7 /* Box.swift */; };
		5433741E1AD010B1005864D7 /* Dictionary.swift in Sources */ = {isa = PBXBuildFile; fileRef = 543374171AD010B1005864D7 /* Dictionary.swift */; };
		5433741F1AD010B1005864D7 /* Either.swift in Sources */ = {isa = PBXBuildFile; fileRef = 543374181AD010B1005864D7 /* Either.swift */; };
		543374201AD010B1005864D7 /* Operators.swift in Sources */ = {isa = PBXBuildFile; fileRef = 543374191AD010B1005864D7 /* Operators.swift */; };
		543374211AD010B1005864D7 /* Predef.swift in Sources */ = {isa = PBXBuildFile; fileRef = 5433741A1AD010B1005864D7 /* Predef.swift */; };
		543374221AD010B1005864D7 /* Result.swift in Sources */ = {isa = PBXBuildFile; fileRef = 5433741B1AD010B1005864D7 /* Result.swift */; };
		543374251AD01104005864D7 /* NSError+Convenience.swift in Sources */ = {isa = PBXBuildFile; fileRef = 543374241AD01104005864D7 /* NSError+Convenience.swift */; };
		543374271AD0111B005864D7 /* String+Localisation.swift in Sources */ = {isa = PBXBuildFile; fileRef = 543374261AD0111B005864D7 /* String+Localisation.swift */; };
		543374291AD011A3005864D7 /* MRDeviceSessionDelegate.swift in Sources */ = {isa = PBXBuildFile; fileRef = 543374281AD011A3005864D7 /* MRDeviceSessionDelegate.swift */; };
		5433742F1AD01345005864D7 /* String+MD5.swift in Sources */ = {isa = PBXBuildFile; fileRef = 5433742E1AD01345005864D7 /* String+MD5.swift */; };
		5443FA791AE69E1400CC229D /* sensor_data_fuser_rsde.cc in Sources */ = {isa = PBXBuildFile; fileRef = 5443FA751AE69E1400CC229D /* sensor_data_fuser_rsde.cc */; };
		5443FA7A1AE69E1400CC229D /* sensor_data_fuser_rsdt.cc in Sources */ = {isa = PBXBuildFile; fileRef = 5443FA761AE69E1400CC229D /* sensor_data_fuser_rsdt.cc */; };
		5443FA7B1AE69E1400CC229D /* sensor_data_fuser_sce.cc in Sources */ = {isa = PBXBuildFile; fileRef = 5443FA771AE69E1400CC229D /* sensor_data_fuser_sce.cc */; };
		5443FA7C1AE69E1400CC229D /* sensor_data_fuser_sct.cc in Sources */ = {isa = PBXBuildFile; fileRef = 5443FA781AE69E1400CC229D /* sensor_data_fuser_sct.cc */; };
		54477CFD1AF4E82E00F502EC /* Localizable.strings in Resources */ = {isa = PBXBuildFile; fileRef = 54477CFB1AF4E82E00F502EC /* Localizable.strings */; };
		5447E7F71B00FB7C0003C0A0 /* MRResistanceExercisePlan.swift in Sources */ = {isa = PBXBuildFile; fileRef = 5447E7F61B00FB7C0003C0A0 /* MRResistanceExercisePlan.swift */; };
		5447E7F91B010C2B0003C0A0 /* default-resistanceplans.json in Resources */ = {isa = PBXBuildFile; fileRef = 5447E7F81B010C2B0003C0A0 /* default-resistanceplans.json */; };
		5447E7FB1B010C860003C0A0 /* MRResistanceExercisePlan+Marshalling.swift in Sources */ = {isa = PBXBuildFile; fileRef = 5447E7FA1B010C860003C0A0 /* MRResistanceExercisePlan+Marshalling.swift */; };
		5447E7FD1B010E5F0003C0A0 /* MRResistanceExercisePlan+Localisation.swift in Sources */ = {isa = PBXBuildFile; fileRef = 5447E7FC1B010E5F0003C0A0 /* MRResistanceExercisePlan+Localisation.swift */; };
		5447E7FF1B0114170003C0A0 /* MRResistanceExercise+Localisation.swift in Sources */ = {isa = PBXBuildFile; fileRef = 5447E7FE1B0114170003C0A0 /* MRResistanceExercise+Localisation.swift */; };
		5455E7201AF9022A0049BB6B /* libsqlite3.dylib in Frameworks */ = {isa = PBXBuildFile; fileRef = 5455E71F1AF9022A0049BB6B /* libsqlite3.dylib */; };
		5455E7221AF90FF80049BB6B /* MRDataModel.swift in Sources */ = {isa = PBXBuildFile; fileRef = 5455E7211AF90FF80049BB6B /* MRDataModel.swift */; };
		5455E7241AFA2D440049BB6B /* MRDataModel+DD.swift in Sources */ = {isa = PBXBuildFile; fileRef = 5455E7231AFA2D440049BB6B /* MRDataModel+DD.swift */; };
		5455E7261AFA30920049BB6B /* MRDataModel+CustomTypes.swift in Sources */ = {isa = PBXBuildFile; fileRef = 5455E7251AFA30920049BB6B /* MRDataModel+CustomTypes.swift */; };
		5455E7281AFA3C820049BB6B /* MRResistanceExerciseSessionProperties.swift in Sources */ = {isa = PBXBuildFile; fileRef = 5455E7271AFA3C820049BB6B /* MRResistanceExerciseSessionProperties.swift */; };
		5455E72A1AFA3DD60049BB6B /* MRResistanceExerciseSession+Marshalling.swift in Sources */ = {isa = PBXBuildFile; fileRef = 5455E7291AFA3DD60049BB6B /* MRResistanceExerciseSession+Marshalling.swift */; };
		5455E72C1AFA3E170049BB6B /* MRResistanceExerciseSessionProperties+Marshalling.swift in Sources */ = {isa = PBXBuildFile; fileRef = 5455E72B1AFA3E170049BB6B /* MRResistanceExerciseSessionProperties+Marshalling.swift */; };
		5455E72E1AFA6E6D0049BB6B /* NSDate+Marshalling.swift in Sources */ = {isa = PBXBuildFile; fileRef = 5455E72D1AFA6E6D0049BB6B /* NSDate+Marshalling.swift */; };
		5455E7301AFA73C70049BB6B /* NSDate+DateUtils.swift in Sources */ = {isa = PBXBuildFile; fileRef = 5455E72F1AFA73C70049BB6B /* NSDate+DateUtils.swift */; };
		5455E7321AFA77310049BB6B /* SQLite.framework in Frameworks */ = {isa = PBXBuildFile; fileRef = 5455E71D1AF901DA0049BB6B /* SQLite.framework */; };
		5455E7331AFA77310049BB6B /* SQLite.framework in Embed Frameworks */ = {isa = PBXBuildFile; fileRef = 5455E71D1AF901DA0049BB6B /* SQLite.framework */; settings = {ATTRIBUTES = (CodeSignOnCopy, RemoveHeadersOnCopy, ); }; };
		5464EBBF1AF4E1FD00B5317B /* classifier_loader.cc in Sources */ = {isa = PBXBuildFile; fileRef = 5464EBBE1AF4E1FD00B5317B /* classifier_loader.cc */; };
		5464EBC71AF4E24F00B5317B /* svm-model-bicep_curl-features.libsvm in Resources */ = {isa = PBXBuildFile; fileRef = 5464EBC11AF4E24F00B5317B /* svm-model-bicep_curl-features.libsvm */; };
		5464EBC81AF4E24F00B5317B /* svm-model-bicep_curl-features.rds in Resources */ = {isa = PBXBuildFile; fileRef = 5464EBC21AF4E24F00B5317B /* svm-model-bicep_curl-features.rds */; };
		5464EBC91AF4E24F00B5317B /* svm-model-bicep_curl-features.scale in Resources */ = {isa = PBXBuildFile; fileRef = 5464EBC31AF4E24F00B5317B /* svm-model-bicep_curl-features.scale */; };
		5464EBCA1AF4E24F00B5317B /* svm-model-triceps_pushdown-features.libsvm in Resources */ = {isa = PBXBuildFile; fileRef = 5464EBC41AF4E24F00B5317B /* svm-model-triceps_pushdown-features.libsvm */; };
		5464EBCB1AF4E24F00B5317B /* svm-model-triceps_pushdown-features.rds in Resources */ = {isa = PBXBuildFile; fileRef = 5464EBC51AF4E24F00B5317B /* svm-model-triceps_pushdown-features.rds */; };
		5464EBCC1AF4E24F00B5317B /* svm-model-triceps_pushdown-features.scale in Resources */ = {isa = PBXBuildFile; fileRef = 5464EBC61AF4E24F00B5317B /* svm-model-triceps_pushdown-features.scale */; };
		547E6A841AF356C0005DE00C /* MRExerciseSessionAdHocViewController.swift in Sources */ = {isa = PBXBuildFile; fileRef = 547E6A831AF356C0005DE00C /* MRExerciseSessionAdHocViewController.swift */; };
		547E6A8B1AF36938005DE00C /* MRMuscleGroup.swift in Sources */ = {isa = PBXBuildFile; fileRef = 547E6A8A1AF36938005DE00C /* MRMuscleGroup.swift */; };
		547E6A8D1AF36A10005DE00C /* MRMuscleGroup+Marshalling.swift in Sources */ = {isa = PBXBuildFile; fileRef = 547E6A8C1AF36A10005DE00C /* MRMuscleGroup+Marshalling.swift */; };
		547E6A911AF374FF005DE00C /* MRDataModel+Defaults.swift in Sources */ = {isa = PBXBuildFile; fileRef = 547E6A901AF374FF005DE00C /* MRDataModel+Defaults.swift */; };
		54820DF41AF27DC200E3AEC2 /* MRMuvrServer.swift in Sources */ = {isa = PBXBuildFile; fileRef = 54820DF21AF27DC200E3AEC2 /* MRMuvrServer.swift */; };
		54820DF51AF27DC200E3AEC2 /* MRMuvrServerURLs.swift in Sources */ = {isa = PBXBuildFile; fileRef = 54820DF31AF27DC200E3AEC2 /* MRMuvrServerURLs.swift */; };
		54820DF91AF2811300E3AEC2 /* MRApplicationState.swift in Sources */ = {isa = PBXBuildFile; fileRef = 54820DF81AF2811300E3AEC2 /* MRApplicationState.swift */; };
		54820DFB1AF2895100E3AEC2 /* MRLoginViewController.swift in Sources */ = {isa = PBXBuildFile; fileRef = 54820DFA1AF2895100E3AEC2 /* MRLoginViewController.swift */; };
		54820DFD1AF28D1900E3AEC2 /* Result+GetOrUnit.swift in Sources */ = {isa = PBXBuildFile; fileRef = 54820DFC1AF28D1900E3AEC2 /* Result+GetOrUnit.swift */; };
		54820DFF1AF2971900E3AEC2 /* MRTypes+Marshalling.swift in Sources */ = {isa = PBXBuildFile; fileRef = 54820DFE1AF2971900E3AEC2 /* MRTypes+Marshalling.swift */; };
		548225541AC57A3500EEEFCB /* MRPreclassification.mm in Sources */ = {isa = PBXBuildFile; fileRef = 548225531AC57A3500EEEFCB /* MRPreclassification.mm */; };
		5488F39D1AFF8C960086BF7B /* exercise_plan.cc in Sources */ = {isa = PBXBuildFile; fileRef = 5488F39B1AFF8C960086BF7B /* exercise_plan.cc */; };
		5488F39E1AFF8C960086BF7B /* simple_exercise_plan.cc in Sources */ = {isa = PBXBuildFile; fileRef = 5488F39C1AFF8C960086BF7B /* simple_exercise_plan.cc */; };
		5488F3A11AFF8E1A0086BF7B /* MRExercisePlan.mm in Sources */ = {isa = PBXBuildFile; fileRef = 5488F3A01AFF8E1A0086BF7B /* MRExercisePlan.mm */; };
		54B610851AF3B6020034F2DD /* MRResistanceExerciseSetIntensityView.swift in Sources */ = {isa = PBXBuildFile; fileRef = 54B610841AF3B6020034F2DD /* MRResistanceExerciseSetIntensityView.swift */; };
		54B610871AF3B7A80034F2DD /* MRResistanceExerciseSetTableViewCell.swift in Sources */ = {isa = PBXBuildFile; fileRef = 54B610861AF3B7A80034F2DD /* MRResistanceExerciseSetTableViewCell.swift */; };
		54B6108B1AF3B9C40034F2DD /* MRResistanceExerciseSession.swift in Sources */ = {isa = PBXBuildFile; fileRef = 54B6108A1AF3B9C40034F2DD /* MRResistanceExerciseSession.swift */; };
		54B610911AF3C5B00034F2DD /* MRExerciseSessionViewController.swift in Sources */ = {isa = PBXBuildFile; fileRef = 54B610901AF3C5B00034F2DD /* MRExerciseSessionViewController.swift */; };
		54B610931AF3C6010034F2DD /* Exercise.storyboard in Resources */ = {isa = PBXBuildFile; fileRef = 54B610921AF3C6010034F2DD /* Exercise.storyboard */; };
		54BC18B11B0391EA004C179B /* MRExercisePlanDelegate.swift in Sources */ = {isa = PBXBuildFile; fileRef = 54BC18B01B0391EA004C179B /* MRExercisePlanDelegate.swift */; };
		54D35FD81AF4E02100A5295D /* MRExerciseSessionPlanViewController.swift in Sources */ = {isa = PBXBuildFile; fileRef = 54D35FD71AF4E02100A5295D /* MRExerciseSessionPlanViewController.swift */; };
		54DBE36B1B05DC2900BD76CD /* MRPreclassificationScaffolding.mm in Sources */ = {isa = PBXBuildFile; fileRef = 54DBE36A1B05DC2900BD76CD /* MRPreclassificationScaffolding.mm */; };
		54E2878A1AFB5A1900D9E259 /* sqlite3.framework in Frameworks */ = {isa = PBXBuildFile; fileRef = 5460CDAE1AFAAACD000DA384 /* sqlite3.framework */; };
		54E2878B1AFB5A1900D9E259 /* sqlite3.framework in Embed Frameworks */ = {isa = PBXBuildFile; fileRef = 5460CDAE1AFAAACD000DA384 /* sqlite3.framework */; settings = {ATTRIBUTES = (CodeSignOnCopy, RemoveHeadersOnCopy, ); }; };
		54F0DC511AC57E8D0061EC5D /* device_data_decoder.cc in Sources */ = {isa = PBXBuildFile; fileRef = 54F0DC351AC57E8D0061EC5D /* device_data_decoder.cc */; };
		54F0DC521AC57E8D0061EC5D /* exercise_decider.cc in Sources */ = {isa = PBXBuildFile; fileRef = 54F0DC361AC57E8D0061EC5D /* exercise_decider.cc */; };
		54F0DC531AC57E8D0061EC5D /* kalman_smooth.cc in Sources */ = {isa = PBXBuildFile; fileRef = 54F0DC371AC57E8D0061EC5D /* kalman_smooth.cc */; };
		54F0DC541AC57E8D0061EC5D /* nomovement_decider.cc in Sources */ = {isa = PBXBuildFile; fileRef = 54F0DC381AC57E8D0061EC5D /* nomovement_decider.cc */; };
		54F0DC551AC57E8D0061EC5D /* raw_sensor_data.cc in Sources */ = {isa = PBXBuildFile; fileRef = 54F0DC391AC57E8D0061EC5D /* raw_sensor_data.cc */; };
		54F0DC561AC57E8D0061EC5D /* CMakeLists.txt in Resources */ = {isa = PBXBuildFile; fileRef = 54F0DC3B1AC57E8D0061EC5D /* CMakeLists.txt */; };
		54F288121B00A6F300E4D591 /* MRExerciseSessionUserClassification.swift in Sources */ = {isa = PBXBuildFile; fileRef = 54F288111B00A6F300E4D591 /* MRExerciseSessionUserClassification.swift */; };
		54F288161B00B46C00E4D591 /* MRExercise.swift in Sources */ = {isa = PBXBuildFile; fileRef = 54F288151B00B46C00E4D591 /* MRExercise.swift */; };
		54F288181B00B4B500E4D591 /* MRExercise+Marshalling.swift in Sources */ = {isa = PBXBuildFile; fileRef = 54F288171B00B4B500E4D591 /* MRExercise+Marshalling.swift */; };
		54F2881B1B00BBAA00E4D591 /* default-exercises.json in Resources */ = {isa = PBXBuildFile; fileRef = 54F288191B00BBAA00E4D591 /* default-exercises.json */; };
		54F2881C1B00BBAA00E4D591 /* default-musclegroups.json in Resources */ = {isa = PBXBuildFile; fileRef = 54F2881A1B00BBAA00E4D591 /* default-musclegroups.json */; };
		54F2881E1B00BD0100E4D591 /* MRMuscleGroup+Localisation.swift in Sources */ = {isa = PBXBuildFile; fileRef = 54F2881D1B00BD0100E4D591 /* MRMuscleGroup+Localisation.swift */; };
		6FE82F244080A35A0F4E861B /* Pods.framework in Frameworks */ = {isa = PBXBuildFile; fileRef = 16D2F8864F1B66657A209A69 /* Pods.framework */; settings = {ATTRIBUTES = (Weak, ); }; };
		FC1AC75B1ADE984500832DE7 /* MRUserDefaults.swift in Sources */ = {isa = PBXBuildFile; fileRef = FC1AC75A1ADE984500832DE7 /* MRUserDefaults.swift */; };
		FC3970601AEA6CC900829357 /* svm_classifier_factory.cc in Sources */ = {isa = PBXBuildFile; fileRef = FC39705D1AEA6CC900829357 /* svm_classifier_factory.cc */; };
		FC3970611AEA6CC900829357 /* svm_classifier.cc in Sources */ = {isa = PBXBuildFile; fileRef = FC39705E1AEA6CC900829357 /* svm_classifier.cc */; };
		FC3970621AEA6CC900829357 /* svm.cc in Sources */ = {isa = PBXBuildFile; fileRef = FC39705F1AEA6CC900829357 /* svm.cc */; };
		FC3A4E8D1AF6E3DF00DABEC2 /* ensemble_classifier.cc in Sources */ = {isa = PBXBuildFile; fileRef = FC3A4E8C1AF6E3DF00DABEC2 /* ensemble_classifier.cc */; };
		FC5593B51ADBE56400F235ED /* Alamofire+SwiftyJSON.swift in Sources */ = {isa = PBXBuildFile; fileRef = FC5593B01ADBE56400F235ED /* Alamofire+SwiftyJSON.swift */; };
		FC5593B71ADBE56400F235ED /* SwiftyJSON.swift in Sources */ = {isa = PBXBuildFile; fileRef = FC5593B41ADBE56400F235ED /* SwiftyJSON.swift */; };
		FCEFD5B61AF8B315007C840F /* device_data_encoder.cc in Sources */ = {isa = PBXBuildFile; fileRef = FCEFD5B51AF8B315007C840F /* device_data_encoder.cc */; };
/* End PBXBuildFile section */

/* Begin PBXContainerItemProxy section */
		541ABBB41AC577E00056A81B /* PBXContainerItemProxy */ = {
			isa = PBXContainerItemProxy;
			containerPortal = 541ABB961AC577E00056A81B /* Project object */;
			proxyType = 1;
			remoteGlobalIDString = 541ABB9D1AC577E00056A81B;
			remoteInfo = Muvr;
		};
/* End PBXContainerItemProxy section */

/* Begin PBXCopyFilesBuildPhase section */
		5455E7341AFA77310049BB6B /* Embed Frameworks */ = {
			isa = PBXCopyFilesBuildPhase;
			buildActionMask = 2147483647;
			dstPath = "";
			dstSubfolderSpec = 10;
			files = (
				54E2878B1AFB5A1900D9E259 /* sqlite3.framework in Embed Frameworks */,
				5455E7331AFA77310049BB6B /* SQLite.framework in Embed Frameworks */,
			);
			name = "Embed Frameworks";
			runOnlyForDeploymentPostprocessing = 0;
		};
/* End PBXCopyFilesBuildPhase section */

/* Begin PBXFileReference section */
		16D2F8864F1B66657A209A69 /* Pods.framework */ = {isa = PBXFileReference; explicitFileType = wrapper.framework; includeInIndex = 0; path = Pods.framework; sourceTree = BUILT_PRODUCTS_DIR; };
		54005C931B07560400BF0732 /* MRApplicationState+Sync.swift */ = {isa = PBXFileReference; fileEncoding = 4; lastKnownFileType = sourcecode.swift; path = "MRApplicationState+Sync.swift"; sourceTree = "<group>"; };
		54005C951B07566900BF0732 /* MRDataModel+Housekeeping.swift */ = {isa = PBXFileReference; fileEncoding = 4; lastKnownFileType = sourcecode.swift; path = "MRDataModel+Housekeeping.swift"; sourceTree = "<group>"; };
		54005C971B07641F00BF0732 /* MRExercisePlanDeviation+Marshalling.swift */ = {isa = PBXFileReference; fileEncoding = 4; lastKnownFileType = sourcecode.swift; path = "MRExercisePlanDeviation+Marshalling.swift"; sourceTree = "<group>"; };
		54005C991B07647100BF0732 /* MRExercisePlanItem+Marshalling.swift */ = {isa = PBXFileReference; fileEncoding = 4; lastKnownFileType = sourcecode.swift; path = "MRExercisePlanItem+Marshalling.swift"; sourceTree = "<group>"; };
		54005C9B1B0764E300BF0732 /* MRRest+Marshalling.swift */ = {isa = PBXFileReference; fileEncoding = 4; lastKnownFileType = sourcecode.swift; path = "MRRest+Marshalling.swift"; sourceTree = "<group>"; };
		5403814A1AEBBE3B000C8B15 /* export.h */ = {isa = PBXFileReference; fileEncoding = 4; lastKnownFileType = sourcecode.c.h; name = export.h; path = "../../../../muvr-preclassification/core/include/export.h"; sourceTree = "<group>"; };
		5403814B1AEBBE45000C8B15 /* export.cc */ = {isa = PBXFileReference; fileEncoding = 4; lastKnownFileType = sourcecode.cpp.cpp; name = export.cc; path = "../../../../../muvr-preclassification/core/main/cc/export.cc"; sourceTree = "<group>"; };
		540381501AEC2B5A000C8B15 /* MRButton.swift */ = {isa = PBXFileReference; fileEncoding = 4; lastKnownFileType = sourcecode.swift; path = MRButton.swift; sourceTree = "<group>"; };
		540381521AEC3567000C8B15 /* MRTypes.swift */ = {isa = PBXFileReference; fileEncoding = 4; lastKnownFileType = sourcecode.swift; path = MRTypes.swift; sourceTree = "<group>"; };
		540381541AECFB05000C8B15 /* MRExerciseSessionClassificationCompletedViewController.swift */ = {isa = PBXFileReference; fileEncoding = 4; lastKnownFileType = sourcecode.swift; path = MRExerciseSessionClassificationCompletedViewController.swift; sourceTree = "<group>"; };
		540381561AECFB25000C8B15 /* MRSensorView.swift */ = {isa = PBXFileReference; fileEncoding = 4; lastKnownFileType = sourcecode.swift; path = MRSensorView.swift; sourceTree = "<group>"; };
		5403815E1AED28A0000C8B15 /* Settings.bundle */ = {isa = PBXFileReference; lastKnownFileType = "wrapper.plug-in"; path = Settings.bundle; sourceTree = "<group>"; };
		540381601AED2F85000C8B15 /* MRExerciseSetExample.swift */ = {isa = PBXFileReference; fileEncoding = 4; lastKnownFileType = sourcecode.swift; path = MRExerciseSetExample.swift; sourceTree = "<group>"; };
		540381621AED2FD1000C8B15 /* MRExerciseSetExample+Marshalling.swift */ = {isa = PBXFileReference; fileEncoding = 4; lastKnownFileType = sourcecode.swift; path = "MRExerciseSetExample+Marshalling.swift"; sourceTree = "<group>"; };
		5403A8791AF3B3D000FB8381 /* MRHomeViewController.swift */ = {isa = PBXFileReference; fileEncoding = 4; lastKnownFileType = sourcecode.swift; path = MRHomeViewController.swift; sourceTree = "<group>"; };
		541ABB9E1AC577E00056A81B /* Muvr.app */ = {isa = PBXFileReference; explicitFileType = wrapper.application; includeInIndex = 0; path = Muvr.app; sourceTree = BUILT_PRODUCTS_DIR; };
		541ABBA21AC577E00056A81B /* Info.plist */ = {isa = PBXFileReference; lastKnownFileType = text.plist.xml; path = Info.plist; sourceTree = "<group>"; };
		541ABBA31AC577E00056A81B /* MRAppDelegate.swift */ = {isa = PBXFileReference; lastKnownFileType = sourcecode.swift; path = MRAppDelegate.swift; sourceTree = "<group>"; };
		541ABBA51AC577E00056A81B /* MRExerciseSessionDeviceDataViewController.swift */ = {isa = PBXFileReference; lastKnownFileType = sourcecode.swift; path = MRExerciseSessionDeviceDataViewController.swift; sourceTree = "<group>"; };
		541ABBA81AC577E00056A81B /* Base */ = {isa = PBXFileReference; lastKnownFileType = file.storyboard; name = Base; path = Base.lproj/Main.storyboard; sourceTree = "<group>"; };
		541ABBAA1AC577E00056A81B /* Images.xcassets */ = {isa = PBXFileReference; lastKnownFileType = folder.assetcatalog; path = Images.xcassets; sourceTree = "<group>"; };
		541ABBAD1AC577E00056A81B /* Base */ = {isa = PBXFileReference; lastKnownFileType = file.xib; name = Base; path = Base.lproj/LaunchScreen.xib; sourceTree = "<group>"; };
		541ABBB31AC577E00056A81B /* MuvrTests.xctest */ = {isa = PBXFileReference; explicitFileType = wrapper.cfbundle; includeInIndex = 0; path = MuvrTests.xctest; sourceTree = BUILT_PRODUCTS_DIR; };
		541ABBB81AC577E00056A81B /* Info.plist */ = {isa = PBXFileReference; lastKnownFileType = text.plist.xml; path = Info.plist; sourceTree = "<group>"; };
		541ABBB91AC577E00056A81B /* MuvrTests.swift */ = {isa = PBXFileReference; lastKnownFileType = sourcecode.swift; path = MuvrTests.swift; sourceTree = "<group>"; };
		542AB2081ACC4FC400F20299 /* piecewise_aggregate_approximation.h */ = {isa = PBXFileReference; lastKnownFileType = sourcecode.c.h; name = piecewise_aggregate_approximation.h; path = "../../../../muvr-preclassification/core/include/piecewise_aggregate_approximation.h"; sourceTree = "<group>"; };
		542AB20A1ACC4FC400F20299 /* symbol_alphabet.h */ = {isa = PBXFileReference; lastKnownFileType = sourcecode.c.h; name = symbol_alphabet.h; path = "../../../../muvr-preclassification/core/include/symbol_alphabet.h"; sourceTree = "<group>"; };
		542AB20B1ACC4FC400F20299 /* symbolic_aggregate_approximation.h */ = {isa = PBXFileReference; lastKnownFileType = sourcecode.c.h; name = symbolic_aggregate_approximation.h; path = "../../../../muvr-preclassification/core/include/symbolic_aggregate_approximation.h"; sourceTree = "<group>"; };
		542AB20C1ACC4FD100F20299 /* piecewise_aggregate_approximation.cc */ = {isa = PBXFileReference; fileEncoding = 4; lastKnownFileType = sourcecode.cpp.cpp; name = piecewise_aggregate_approximation.cc; path = "../../../../../muvr-preclassification/core/main/cc/piecewise_aggregate_approximation.cc"; sourceTree = "<group>"; };
		542AB2101ACC4FD100F20299 /* sensor_data_fuser.cc */ = {isa = PBXFileReference; fileEncoding = 4; lastKnownFileType = sourcecode.cpp.cpp; name = sensor_data_fuser.cc; path = "../../../../../muvr-preclassification/core/main/cc/sensor_data_fuser.cc"; sourceTree = "<group>"; };
		542AB2111ACC4FD100F20299 /* symbol_alphabet.cc */ = {isa = PBXFileReference; fileEncoding = 4; lastKnownFileType = sourcecode.cpp.cpp; name = symbol_alphabet.cc; path = "../../../../../muvr-preclassification/core/main/cc/symbol_alphabet.cc"; sourceTree = "<group>"; };
		542AB2121ACC4FD100F20299 /* symbolic_aggregate_approximation.cc */ = {isa = PBXFileReference; fileEncoding = 4; lastKnownFileType = sourcecode.cpp.cpp; name = symbolic_aggregate_approximation.cc; path = "../../../../../muvr-preclassification/core/main/cc/symbolic_aggregate_approximation.cc"; sourceTree = "<group>"; };
		543374121AD01060005864D7 /* MRRawPebbleDeviceSession.swift */ = {isa = PBXFileReference; fileEncoding = 4; lastKnownFileType = sourcecode.swift; path = MRRawPebbleDeviceSession.swift; sourceTree = "<group>"; };
		543374151AD010B1005864D7 /* Array.swift */ = {isa = PBXFileReference; fileEncoding = 4; lastKnownFileType = sourcecode.swift; path = Array.swift; sourceTree = "<group>"; };
		543374161AD010B1005864D7 /* Box.swift */ = {isa = PBXFileReference; fileEncoding = 4; lastKnownFileType = sourcecode.swift; path = Box.swift; sourceTree = "<group>"; };
		543374171AD010B1005864D7 /* Dictionary.swift */ = {isa = PBXFileReference; fileEncoding = 4; lastKnownFileType = sourcecode.swift; path = Dictionary.swift; sourceTree = "<group>"; };
		543374181AD010B1005864D7 /* Either.swift */ = {isa = PBXFileReference; fileEncoding = 4; lastKnownFileType = sourcecode.swift; path = Either.swift; sourceTree = "<group>"; };
		543374191AD010B1005864D7 /* Operators.swift */ = {isa = PBXFileReference; fileEncoding = 4; lastKnownFileType = sourcecode.swift; path = Operators.swift; sourceTree = "<group>"; };
		5433741A1AD010B1005864D7 /* Predef.swift */ = {isa = PBXFileReference; fileEncoding = 4; lastKnownFileType = sourcecode.swift; path = Predef.swift; sourceTree = "<group>"; };
		5433741B1AD010B1005864D7 /* Result.swift */ = {isa = PBXFileReference; fileEncoding = 4; lastKnownFileType = sourcecode.swift; path = Result.swift; sourceTree = "<group>"; };
		543374241AD01104005864D7 /* NSError+Convenience.swift */ = {isa = PBXFileReference; fileEncoding = 4; lastKnownFileType = sourcecode.swift; path = "NSError+Convenience.swift"; sourceTree = "<group>"; };
		543374261AD0111B005864D7 /* String+Localisation.swift */ = {isa = PBXFileReference; fileEncoding = 4; lastKnownFileType = sourcecode.swift; path = "String+Localisation.swift"; sourceTree = "<group>"; };
		543374281AD011A3005864D7 /* MRDeviceSessionDelegate.swift */ = {isa = PBXFileReference; fileEncoding = 4; lastKnownFileType = sourcecode.swift; path = MRDeviceSessionDelegate.swift; sourceTree = "<group>"; };
		5433742E1AD01345005864D7 /* String+MD5.swift */ = {isa = PBXFileReference; fileEncoding = 4; lastKnownFileType = sourcecode.swift; path = "String+MD5.swift"; sourceTree = "<group>"; };
		5443FA741AE69DC900CC229D /* easylogging++.h */ = {isa = PBXFileReference; lastKnownFileType = sourcecode.c.h; name = "easylogging++.h"; path = "../../../../muvr-preclassification/core/include/easylogging++.h"; sourceTree = "<group>"; };
		5443FA751AE69E1400CC229D /* sensor_data_fuser_rsde.cc */ = {isa = PBXFileReference; fileEncoding = 4; lastKnownFileType = sourcecode.cpp.cpp; name = sensor_data_fuser_rsde.cc; path = "../../../../../muvr-preclassification/core/main/cc/sensor_data_fuser_rsde.cc"; sourceTree = "<group>"; };
		5443FA761AE69E1400CC229D /* sensor_data_fuser_rsdt.cc */ = {isa = PBXFileReference; fileEncoding = 4; lastKnownFileType = sourcecode.cpp.cpp; name = sensor_data_fuser_rsdt.cc; path = "../../../../../muvr-preclassification/core/main/cc/sensor_data_fuser_rsdt.cc"; sourceTree = "<group>"; };
		5443FA771AE69E1400CC229D /* sensor_data_fuser_sce.cc */ = {isa = PBXFileReference; fileEncoding = 4; lastKnownFileType = sourcecode.cpp.cpp; name = sensor_data_fuser_sce.cc; path = "../../../../../muvr-preclassification/core/main/cc/sensor_data_fuser_sce.cc"; sourceTree = "<group>"; };
		5443FA781AE69E1400CC229D /* sensor_data_fuser_sct.cc */ = {isa = PBXFileReference; fileEncoding = 4; lastKnownFileType = sourcecode.cpp.cpp; name = sensor_data_fuser_sct.cc; path = "../../../../../muvr-preclassification/core/main/cc/sensor_data_fuser_sct.cc"; sourceTree = "<group>"; };
		54477CFC1AF4E82E00F502EC /* Base */ = {isa = PBXFileReference; lastKnownFileType = text.plist.strings; name = Base; path = Base.lproj/Localizable.strings; sourceTree = "<group>"; };
		5447E7F61B00FB7C0003C0A0 /* MRResistanceExercisePlan.swift */ = {isa = PBXFileReference; fileEncoding = 4; lastKnownFileType = sourcecode.swift; path = MRResistanceExercisePlan.swift; sourceTree = "<group>"; };
		5447E7F81B010C2B0003C0A0 /* default-resistanceplans.json */ = {isa = PBXFileReference; fileEncoding = 4; lastKnownFileType = text.json; path = "default-resistanceplans.json"; sourceTree = "<group>"; };
		5447E7FA1B010C860003C0A0 /* MRResistanceExercisePlan+Marshalling.swift */ = {isa = PBXFileReference; fileEncoding = 4; lastKnownFileType = sourcecode.swift; path = "MRResistanceExercisePlan+Marshalling.swift"; sourceTree = "<group>"; };
		5447E7FC1B010E5F0003C0A0 /* MRResistanceExercisePlan+Localisation.swift */ = {isa = PBXFileReference; fileEncoding = 4; lastKnownFileType = sourcecode.swift; path = "MRResistanceExercisePlan+Localisation.swift"; sourceTree = "<group>"; };
		5447E7FE1B0114170003C0A0 /* MRResistanceExercise+Localisation.swift */ = {isa = PBXFileReference; fileEncoding = 4; lastKnownFileType = sourcecode.swift; path = "MRResistanceExercise+Localisation.swift"; sourceTree = "<group>"; };
		5455E71D1AF901DA0049BB6B /* SQLite.framework */ = {isa = PBXFileReference; lastKnownFileType = wrapper.framework; name = SQLite.framework; path = UnmanagedFrameworks/SQLite.framework; sourceTree = "<group>"; };
		5455E71F1AF9022A0049BB6B /* libsqlite3.dylib */ = {isa = PBXFileReference; lastKnownFileType = "compiled.mach-o.dylib"; name = libsqlite3.dylib; path = usr/lib/libsqlite3.dylib; sourceTree = SDKROOT; };
		5455E7211AF90FF80049BB6B /* MRDataModel.swift */ = {isa = PBXFileReference; fileEncoding = 4; lastKnownFileType = sourcecode.swift; path = MRDataModel.swift; sourceTree = "<group>"; };
		5455E7231AFA2D440049BB6B /* MRDataModel+DD.swift */ = {isa = PBXFileReference; fileEncoding = 4; lastKnownFileType = sourcecode.swift; path = "MRDataModel+DD.swift"; sourceTree = "<group>"; };
		5455E7251AFA30920049BB6B /* MRDataModel+CustomTypes.swift */ = {isa = PBXFileReference; fileEncoding = 4; lastKnownFileType = sourcecode.swift; path = "MRDataModel+CustomTypes.swift"; sourceTree = "<group>"; };
		5455E7271AFA3C820049BB6B /* MRResistanceExerciseSessionProperties.swift */ = {isa = PBXFileReference; fileEncoding = 4; lastKnownFileType = sourcecode.swift; path = MRResistanceExerciseSessionProperties.swift; sourceTree = "<group>"; };
		5455E7291AFA3DD60049BB6B /* MRResistanceExerciseSession+Marshalling.swift */ = {isa = PBXFileReference; fileEncoding = 4; lastKnownFileType = sourcecode.swift; path = "MRResistanceExerciseSession+Marshalling.swift"; sourceTree = "<group>"; };
		5455E72B1AFA3E170049BB6B /* MRResistanceExerciseSessionProperties+Marshalling.swift */ = {isa = PBXFileReference; fileEncoding = 4; lastKnownFileType = sourcecode.swift; path = "MRResistanceExerciseSessionProperties+Marshalling.swift"; sourceTree = "<group>"; };
		5455E72D1AFA6E6D0049BB6B /* NSDate+Marshalling.swift */ = {isa = PBXFileReference; fileEncoding = 4; lastKnownFileType = sourcecode.swift; path = "NSDate+Marshalling.swift"; sourceTree = "<group>"; };
		5455E72F1AFA73C70049BB6B /* NSDate+DateUtils.swift */ = {isa = PBXFileReference; fileEncoding = 4; lastKnownFileType = sourcecode.swift; path = "NSDate+DateUtils.swift"; sourceTree = "<group>"; };
		5460CDAE1AFAAACD000DA384 /* sqlite3.framework */ = {isa = PBXFileReference; lastKnownFileType = wrapper.framework; name = sqlite3.framework; path = UnmanagedFrameworks/sqlite3.framework; sourceTree = "<group>"; };
		5464EBBE1AF4E1FD00B5317B /* classifier_loader.cc */ = {isa = PBXFileReference; fileEncoding = 4; lastKnownFileType = sourcecode.cpp.cpp; name = classifier_loader.cc; path = "../../../../../muvr-preclassification/core/main/cc/classifier_loader.cc"; sourceTree = "<group>"; };
		5464EBC01AF4E21400B5317B /* classifier_loader.h */ = {isa = PBXFileReference; fileEncoding = 4; lastKnownFileType = sourcecode.c.h; name = classifier_loader.h; path = "../../../../muvr-preclassification/core/include/classifier_loader.h"; sourceTree = "<group>"; };
		5464EBC11AF4E24F00B5317B /* svm-model-bicep_curl-features.libsvm */ = {isa = PBXFileReference; fileEncoding = 4; lastKnownFileType = text; path = "svm-model-bicep_curl-features.libsvm"; sourceTree = "<group>"; };
		5464EBC21AF4E24F00B5317B /* svm-model-bicep_curl-features.rds */ = {isa = PBXFileReference; lastKnownFileType = file; path = "svm-model-bicep_curl-features.rds"; sourceTree = "<group>"; };
		5464EBC31AF4E24F00B5317B /* svm-model-bicep_curl-features.scale */ = {isa = PBXFileReference; fileEncoding = 4; lastKnownFileType = text; path = "svm-model-bicep_curl-features.scale"; sourceTree = "<group>"; };
		5464EBC41AF4E24F00B5317B /* svm-model-triceps_pushdown-features.libsvm */ = {isa = PBXFileReference; fileEncoding = 4; lastKnownFileType = text; path = "svm-model-triceps_pushdown-features.libsvm"; sourceTree = "<group>"; };
		5464EBC51AF4E24F00B5317B /* svm-model-triceps_pushdown-features.rds */ = {isa = PBXFileReference; lastKnownFileType = file; path = "svm-model-triceps_pushdown-features.rds"; sourceTree = "<group>"; };
		5464EBC61AF4E24F00B5317B /* svm-model-triceps_pushdown-features.scale */ = {isa = PBXFileReference; fileEncoding = 4; lastKnownFileType = text; path = "svm-model-triceps_pushdown-features.scale"; sourceTree = "<group>"; };
		547E6A831AF356C0005DE00C /* MRExerciseSessionAdHocViewController.swift */ = {isa = PBXFileReference; fileEncoding = 4; lastKnownFileType = sourcecode.swift; path = MRExerciseSessionAdHocViewController.swift; sourceTree = "<group>"; };
		547E6A8A1AF36938005DE00C /* MRMuscleGroup.swift */ = {isa = PBXFileReference; fileEncoding = 4; lastKnownFileType = sourcecode.swift; path = MRMuscleGroup.swift; sourceTree = "<group>"; };
		547E6A8C1AF36A10005DE00C /* MRMuscleGroup+Marshalling.swift */ = {isa = PBXFileReference; fileEncoding = 4; lastKnownFileType = sourcecode.swift; path = "MRMuscleGroup+Marshalling.swift"; sourceTree = "<group>"; };
		547E6A901AF374FF005DE00C /* MRDataModel+Defaults.swift */ = {isa = PBXFileReference; fileEncoding = 4; lastKnownFileType = sourcecode.swift; path = "MRDataModel+Defaults.swift"; sourceTree = "<group>"; };
		54820DF21AF27DC200E3AEC2 /* MRMuvrServer.swift */ = {isa = PBXFileReference; fileEncoding = 4; lastKnownFileType = sourcecode.swift; name = MRMuvrServer.swift; path = MuvrServer/MRMuvrServer.swift; sourceTree = "<group>"; };
		54820DF31AF27DC200E3AEC2 /* MRMuvrServerURLs.swift */ = {isa = PBXFileReference; fileEncoding = 4; lastKnownFileType = sourcecode.swift; name = MRMuvrServerURLs.swift; path = MuvrServer/MRMuvrServerURLs.swift; sourceTree = "<group>"; };
		54820DF81AF2811300E3AEC2 /* MRApplicationState.swift */ = {isa = PBXFileReference; fileEncoding = 4; lastKnownFileType = sourcecode.swift; path = MRApplicationState.swift; sourceTree = "<group>"; };
		54820DFA1AF2895100E3AEC2 /* MRLoginViewController.swift */ = {isa = PBXFileReference; fileEncoding = 4; lastKnownFileType = sourcecode.swift; path = MRLoginViewController.swift; sourceTree = "<group>"; };
		54820DFC1AF28D1900E3AEC2 /* Result+GetOrUnit.swift */ = {isa = PBXFileReference; fileEncoding = 4; lastKnownFileType = sourcecode.swift; path = "Result+GetOrUnit.swift"; sourceTree = "<group>"; };
		54820DFE1AF2971900E3AEC2 /* MRTypes+Marshalling.swift */ = {isa = PBXFileReference; fileEncoding = 4; lastKnownFileType = sourcecode.swift; path = "MRTypes+Marshalling.swift"; sourceTree = "<group>"; };
		548225511AC57A3500EEEFCB /* Muvr-Bridging-Header.h */ = {isa = PBXFileReference; lastKnownFileType = sourcecode.c.h; path = "Muvr-Bridging-Header.h"; sourceTree = "<group>"; };
		548225521AC57A3500EEEFCB /* MRPreclassification.h */ = {isa = PBXFileReference; fileEncoding = 4; lastKnownFileType = sourcecode.c.h; path = MRPreclassification.h; sourceTree = "<group>"; };
		548225531AC57A3500EEEFCB /* MRPreclassification.mm */ = {isa = PBXFileReference; fileEncoding = 4; lastKnownFileType = sourcecode.cpp.objcpp; path = MRPreclassification.mm; sourceTree = "<group>"; };
		548226BD1AC57CD300EEEFCB /* libMuvrPreclassification.a */ = {isa = PBXFileReference; lastKnownFileType = archive.ar; name = libMuvrPreclassification.a; path = "MuvrPreclassification/build/Debug-iphoneos/libMuvrPreclassification.a"; sourceTree = "<group>"; };
		5488F39B1AFF8C960086BF7B /* exercise_plan.cc */ = {isa = PBXFileReference; fileEncoding = 4; lastKnownFileType = sourcecode.cpp.cpp; name = exercise_plan.cc; path = "../../../../../muvr-preclassification/core/main/cc/exercise_plan.cc"; sourceTree = "<group>"; };
		5488F39C1AFF8C960086BF7B /* simple_exercise_plan.cc */ = {isa = PBXFileReference; fileEncoding = 4; lastKnownFileType = sourcecode.cpp.cpp; name = simple_exercise_plan.cc; path = "../../../../../muvr-preclassification/core/main/cc/simple_exercise_plan.cc"; sourceTree = "<group>"; };
		5488F39F1AFF8CA00086BF7B /* exercise_plan.h */ = {isa = PBXFileReference; fileEncoding = 4; lastKnownFileType = sourcecode.c.h; name = exercise_plan.h; path = "../../../../muvr-preclassification/core/include/exercise_plan.h"; sourceTree = "<group>"; };
		5488F3A01AFF8E1A0086BF7B /* MRExercisePlan.mm */ = {isa = PBXFileReference; fileEncoding = 4; lastKnownFileType = sourcecode.cpp.objcpp; path = MRExercisePlan.mm; sourceTree = "<group>"; };
		5488F3A21AFF8E340086BF7B /* MRExercisePlan.h */ = {isa = PBXFileReference; lastKnownFileType = sourcecode.c.h; path = MRExercisePlan.h; sourceTree = "<group>"; };
		54B610841AF3B6020034F2DD /* MRResistanceExerciseSetIntensityView.swift */ = {isa = PBXFileReference; fileEncoding = 4; lastKnownFileType = sourcecode.swift; path = MRResistanceExerciseSetIntensityView.swift; sourceTree = "<group>"; };
		54B610861AF3B7A80034F2DD /* MRResistanceExerciseSetTableViewCell.swift */ = {isa = PBXFileReference; fileEncoding = 4; lastKnownFileType = sourcecode.swift; path = MRResistanceExerciseSetTableViewCell.swift; sourceTree = "<group>"; };
		54B6108A1AF3B9C40034F2DD /* MRResistanceExerciseSession.swift */ = {isa = PBXFileReference; fileEncoding = 4; lastKnownFileType = sourcecode.swift; path = MRResistanceExerciseSession.swift; sourceTree = "<group>"; };
		54B610901AF3C5B00034F2DD /* MRExerciseSessionViewController.swift */ = {isa = PBXFileReference; fileEncoding = 4; lastKnownFileType = sourcecode.swift; path = MRExerciseSessionViewController.swift; sourceTree = "<group>"; };
		54B610921AF3C6010034F2DD /* Exercise.storyboard */ = {isa = PBXFileReference; fileEncoding = 4; lastKnownFileType = file.storyboard; path = Exercise.storyboard; sourceTree = "<group>"; };
		54BC18B01B0391EA004C179B /* MRExercisePlanDelegate.swift */ = {isa = PBXFileReference; fileEncoding = 4; lastKnownFileType = sourcecode.swift; path = MRExercisePlanDelegate.swift; sourceTree = "<group>"; };
		54D35FD71AF4E02100A5295D /* MRExerciseSessionPlanViewController.swift */ = {isa = PBXFileReference; fileEncoding = 4; lastKnownFileType = sourcecode.swift; path = MRExerciseSessionPlanViewController.swift; sourceTree = "<group>"; };
		54DBE3691B05DABA00BD76CD /* MRPreclassificationScaffolding.h */ = {isa = PBXFileReference; lastKnownFileType = sourcecode.c.h; path = MRPreclassificationScaffolding.h; sourceTree = "<group>"; };
		54DBE36A1B05DC2900BD76CD /* MRPreclassificationScaffolding.mm */ = {isa = PBXFileReference; fileEncoding = 4; lastKnownFileType = sourcecode.cpp.objcpp; path = MRPreclassificationScaffolding.mm; sourceTree = "<group>"; };
		54F0DC231AC57E8D0061EC5D /* CMakeLists.txt */ = {isa = PBXFileReference; fileEncoding = 4; lastKnownFileType = text; path = CMakeLists.txt; sourceTree = "<group>"; };
		54F0DC251AC57E8D0061EC5D /* device_data.h */ = {isa = PBXFileReference; fileEncoding = 4; lastKnownFileType = sourcecode.c.h; path = device_data.h; sourceTree = "<group>"; };
		54F0DC261AC57E8D0061EC5D /* device_data_decoder.h */ = {isa = PBXFileReference; fileEncoding = 4; lastKnownFileType = sourcecode.c.h; path = device_data_decoder.h; sourceTree = "<group>"; };
		54F0DC271AC57E8D0061EC5D /* raw_sensor_data.h */ = {isa = PBXFileReference; fileEncoding = 4; lastKnownFileType = sourcecode.c.h; path = raw_sensor_data.h; sourceTree = "<group>"; };
		54F0DC281AC57E8D0061EC5D /* sensor_data.h */ = {isa = PBXFileReference; fileEncoding = 4; lastKnownFileType = sourcecode.c.h; path = sensor_data.h; sourceTree = "<group>"; };
		54F0DC291AC57E8D0061EC5D /* sensor_symbol.h */ = {isa = PBXFileReference; fileEncoding = 4; lastKnownFileType = sourcecode.c.h; path = sensor_symbol.h; sourceTree = "<group>"; };
		54F0DC2B1AC57E8D0061EC5D /* CMakeLists.txt */ = {isa = PBXFileReference; fileEncoding = 4; lastKnownFileType = text; path = CMakeLists.txt; sourceTree = "<group>"; };
		54F0DC351AC57E8D0061EC5D /* device_data_decoder.cc */ = {isa = PBXFileReference; fileEncoding = 4; lastKnownFileType = sourcecode.cpp.cpp; path = device_data_decoder.cc; sourceTree = "<group>"; };
		54F0DC361AC57E8D0061EC5D /* exercise_decider.cc */ = {isa = PBXFileReference; fileEncoding = 4; lastKnownFileType = sourcecode.cpp.cpp; path = exercise_decider.cc; sourceTree = "<group>"; };
		54F0DC371AC57E8D0061EC5D /* kalman_smooth.cc */ = {isa = PBXFileReference; fileEncoding = 4; lastKnownFileType = sourcecode.cpp.cpp; path = kalman_smooth.cc; sourceTree = "<group>"; };
		54F0DC381AC57E8D0061EC5D /* nomovement_decider.cc */ = {isa = PBXFileReference; fileEncoding = 4; lastKnownFileType = sourcecode.cpp.cpp; path = nomovement_decider.cc; sourceTree = "<group>"; };
		54F0DC391AC57E8D0061EC5D /* raw_sensor_data.cc */ = {isa = PBXFileReference; fileEncoding = 4; lastKnownFileType = sourcecode.cpp.cpp; path = raw_sensor_data.cc; sourceTree = "<group>"; };
		54F0DC3B1AC57E8D0061EC5D /* CMakeLists.txt */ = {isa = PBXFileReference; fileEncoding = 4; lastKnownFileType = text; path = CMakeLists.txt; sourceTree = "<group>"; };
		54F0DC3D1AC57E8D0061EC5D /* device_data_decoder_test.cc */ = {isa = PBXFileReference; fileEncoding = 4; lastKnownFileType = sourcecode.cpp.cpp; path = device_data_decoder_test.cc; sourceTree = "<group>"; };
		54F0DC3E1AC57E8D0061EC5D /* device_data_generator.cc */ = {isa = PBXFileReference; fileEncoding = 4; lastKnownFileType = sourcecode.cpp.cpp; path = device_data_generator.cc; sourceTree = "<group>"; };
		54F0DC3F1AC57E8D0061EC5D /* exercise_decider_perf_test.cc */ = {isa = PBXFileReference; fileEncoding = 4; lastKnownFileType = sourcecode.cpp.cpp; path = exercise_decider_perf_test.cc; sourceTree = "<group>"; };
		54F0DC401AC57E8D0061EC5D /* exercise_decider_test.cc */ = {isa = PBXFileReference; fileEncoding = 4; lastKnownFileType = sourcecode.cpp.cpp; path = exercise_decider_test.cc; sourceTree = "<group>"; };
		54F0DC411AC57E8D0061EC5D /* movement_decider_test.cc */ = {isa = PBXFileReference; fileEncoding = 4; lastKnownFileType = sourcecode.cpp.cpp; path = movement_decider_test.cc; sourceTree = "<group>"; };
		54F0DC421AC57E8D0061EC5D /* raw_sensor_data_generator.cc */ = {isa = PBXFileReference; fileEncoding = 4; lastKnownFileType = sourcecode.cpp.cpp; path = raw_sensor_data_generator.cc; sourceTree = "<group>"; };
		54F0DC431AC57E8D0061EC5D /* raw_sensor_data_loader.cc */ = {isa = PBXFileReference; fileEncoding = 4; lastKnownFileType = sourcecode.cpp.cpp; path = raw_sensor_data_loader.cc; sourceTree = "<group>"; };
		54F0DC441AC57E8D0061EC5D /* sigfft_test.cc */ = {isa = PBXFileReference; fileEncoding = 4; lastKnownFileType = sourcecode.cpp.cpp; path = sigfft_test.cc; sourceTree = "<group>"; };
		54F0DC451AC57E8D0061EC5D /* test_data.h */ = {isa = PBXFileReference; fileEncoding = 4; lastKnownFileType = sourcecode.c.h; path = test_data.h; sourceTree = "<group>"; };
		54F0DC471AC57E8D0061EC5D /* all_4.csv */ = {isa = PBXFileReference; fileEncoding = 4; lastKnownFileType = text; path = all_4.csv; sourceTree = "<group>"; };
		54F288111B00A6F300E4D591 /* MRExerciseSessionUserClassification.swift */ = {isa = PBXFileReference; fileEncoding = 4; lastKnownFileType = sourcecode.swift; path = MRExerciseSessionUserClassification.swift; sourceTree = "<group>"; };
		54F288151B00B46C00E4D591 /* MRExercise.swift */ = {isa = PBXFileReference; fileEncoding = 4; lastKnownFileType = sourcecode.swift; path = MRExercise.swift; sourceTree = "<group>"; };
		54F288171B00B4B500E4D591 /* MRExercise+Marshalling.swift */ = {isa = PBXFileReference; fileEncoding = 4; lastKnownFileType = sourcecode.swift; path = "MRExercise+Marshalling.swift"; sourceTree = "<group>"; };
		54F288191B00BBAA00E4D591 /* default-exercises.json */ = {isa = PBXFileReference; fileEncoding = 4; lastKnownFileType = text.json; path = "default-exercises.json"; sourceTree = "<group>"; };
		54F2881A1B00BBAA00E4D591 /* default-musclegroups.json */ = {isa = PBXFileReference; fileEncoding = 4; lastKnownFileType = text.json; path = "default-musclegroups.json"; sourceTree = "<group>"; };
		54F2881D1B00BD0100E4D591 /* MRMuscleGroup+Localisation.swift */ = {isa = PBXFileReference; fileEncoding = 4; lastKnownFileType = sourcecode.swift; path = "MRMuscleGroup+Localisation.swift"; sourceTree = "<group>"; };
		A04E9B04EE1C27607A68F65A /* Pods.debug.xcconfig */ = {isa = PBXFileReference; includeInIndex = 1; lastKnownFileType = text.xcconfig; name = Pods.debug.xcconfig; path = "Pods/Target Support Files/Pods/Pods.debug.xcconfig"; sourceTree = "<group>"; };
		F8F5566B19C0E8E19A7B38B9 /* Pods.release.xcconfig */ = {isa = PBXFileReference; includeInIndex = 1; lastKnownFileType = text.xcconfig; name = Pods.release.xcconfig; path = "Pods/Target Support Files/Pods/Pods.release.xcconfig"; sourceTree = "<group>"; };
		FC1AC75A1ADE984500832DE7 /* MRUserDefaults.swift */ = {isa = PBXFileReference; fileEncoding = 4; lastKnownFileType = sourcecode.swift; path = MRUserDefaults.swift; sourceTree = "<group>"; };
		FC39705D1AEA6CC900829357 /* svm_classifier_factory.cc */ = {isa = PBXFileReference; fileEncoding = 4; lastKnownFileType = sourcecode.cpp.cpp; name = svm_classifier_factory.cc; path = "../../../../../muvr-preclassification/core/main/cc/svm_classifier_factory.cc"; sourceTree = "<group>"; };
		FC39705E1AEA6CC900829357 /* svm_classifier.cc */ = {isa = PBXFileReference; fileEncoding = 4; lastKnownFileType = sourcecode.cpp.cpp; name = svm_classifier.cc; path = "../../../../../muvr-preclassification/core/main/cc/svm_classifier.cc"; sourceTree = "<group>"; };
		FC39705F1AEA6CC900829357 /* svm.cc */ = {isa = PBXFileReference; fileEncoding = 4; lastKnownFileType = sourcecode.cpp.cpp; name = svm.cc; path = "../../../../../muvr-preclassification/core/main/cc/svm.cc"; sourceTree = "<group>"; };
		FC3970631AEA6CEB00829357 /* svm_classifier_factory.h */ = {isa = PBXFileReference; fileEncoding = 4; lastKnownFileType = sourcecode.c.h; name = svm_classifier_factory.h; path = "../../../../muvr-preclassification/core/include/svm_classifier_factory.h"; sourceTree = "<group>"; };
		FC3970641AEA6CEC00829357 /* svm_classifier.h */ = {isa = PBXFileReference; fileEncoding = 4; lastKnownFileType = sourcecode.c.h; name = svm_classifier.h; path = "../../../../muvr-preclassification/core/include/svm_classifier.h"; sourceTree = "<group>"; };
		FC3970651AEA6CEC00829357 /* svm.h */ = {isa = PBXFileReference; fileEncoding = 4; lastKnownFileType = sourcecode.c.h; name = svm.h; path = "../../../../muvr-preclassification/core/include/svm.h"; sourceTree = "<group>"; };
		FC3A4E8C1AF6E3DF00DABEC2 /* ensemble_classifier.cc */ = {isa = PBXFileReference; fileEncoding = 4; lastKnownFileType = sourcecode.cpp.cpp; name = ensemble_classifier.cc; path = "../../../../../muvr-preclassification/core/main/cc/ensemble_classifier.cc"; sourceTree = "<group>"; };
		FC3A4E8E1AF6E3EB00DABEC2 /* ensemble_classifier.h */ = {isa = PBXFileReference; fileEncoding = 4; lastKnownFileType = sourcecode.c.h; name = ensemble_classifier.h; path = "../../../../muvr-preclassification/core/include/ensemble_classifier.h"; sourceTree = "<group>"; };
		FC3A4E8F1AF6E88200DABEC2 /* Alamofire.framework */ = {isa = PBXFileReference; lastKnownFileType = wrapper.framework; name = Alamofire.framework; path = "Pods/../build/Debug-iphoneos/Pods/Alamofire.framework"; sourceTree = "<group>"; };
		FC3A4E901AF6E88200DABEC2 /* Charts.framework */ = {isa = PBXFileReference; lastKnownFileType = wrapper.framework; name = Charts.framework; path = "Pods/../build/Debug-iphoneos/Pods/Charts.framework"; sourceTree = "<group>"; };
		FC3A4E911AF6E88200DABEC2 /* JTCalendar.framework */ = {isa = PBXFileReference; lastKnownFileType = wrapper.framework; name = JTCalendar.framework; path = "Pods/../build/Debug-iphoneos/Pods/JTCalendar.framework"; sourceTree = "<group>"; };
		FC3A4E921AF6E88200DABEC2 /* Reachability.framework */ = {isa = PBXFileReference; lastKnownFileType = wrapper.framework; name = Reachability.framework; path = "Pods/../build/Debug-iphoneos/Pods/Reachability.framework"; sourceTree = "<group>"; };
		FC5593AF1ADBE56400F235ED /* Alamofire+SwiftyJSON.h */ = {isa = PBXFileReference; fileEncoding = 4; lastKnownFileType = sourcecode.c.h; path = "Alamofire+SwiftyJSON.h"; sourceTree = "<group>"; };
		FC5593B01ADBE56400F235ED /* Alamofire+SwiftyJSON.swift */ = {isa = PBXFileReference; fileEncoding = 4; lastKnownFileType = sourcecode.swift; path = "Alamofire+SwiftyJSON.swift"; sourceTree = "<group>"; };
		FC5593B31ADBE56400F235ED /* SwiftyJSON.h */ = {isa = PBXFileReference; fileEncoding = 4; lastKnownFileType = sourcecode.c.h; path = SwiftyJSON.h; sourceTree = "<group>"; };
		FC5593B41ADBE56400F235ED /* SwiftyJSON.swift */ = {isa = PBXFileReference; fileEncoding = 4; lastKnownFileType = sourcecode.swift; path = SwiftyJSON.swift; sourceTree = "<group>"; };
		FC5593C71ADD7E5400F235ED /* classifier.h */ = {isa = PBXFileReference; fileEncoding = 4; lastKnownFileType = sourcecode.c.h; name = classifier.h; path = "../../../../muvr-preclassification/core/include/classifier.h"; sourceTree = "<group>"; };
		FCEFD5B51AF8B315007C840F /* device_data_encoder.cc */ = {isa = PBXFileReference; fileEncoding = 4; lastKnownFileType = sourcecode.cpp.cpp; name = device_data_encoder.cc; path = "../../../../../muvr-preclassification/core/main/cc/device_data_encoder.cc"; sourceTree = "<group>"; };
/* End PBXFileReference section */

/* Begin PBXFrameworksBuildPhase section */
		541ABB9B1AC577E00056A81B /* Frameworks */ = {
			isa = PBXFrameworksBuildPhase;
			buildActionMask = 2147483647;
			files = (
				5455E7201AF9022A0049BB6B /* libsqlite3.dylib in Frameworks */,
				5455E7321AFA77310049BB6B /* SQLite.framework in Frameworks */,
				54E2878A1AFB5A1900D9E259 /* sqlite3.framework in Frameworks */,
				6FE82F244080A35A0F4E861B /* Pods.framework in Frameworks */,
			);
			runOnlyForDeploymentPostprocessing = 0;
		};
		541ABBB01AC577E00056A81B /* Frameworks */ = {
			isa = PBXFrameworksBuildPhase;
			buildActionMask = 2147483647;
			files = (
			);
			runOnlyForDeploymentPostprocessing = 0;
		};
/* End PBXFrameworksBuildPhase section */

/* Begin PBXGroup section */
		288CCE5D5AB7F6FBE827B7C7 /* Frameworks */ = {
			isa = PBXGroup;
			children = (
				5455E71F1AF9022A0049BB6B /* libsqlite3.dylib */,
				5460CDAE1AFAAACD000DA384 /* sqlite3.framework */,
				5455E71D1AF901DA0049BB6B /* SQLite.framework */,
				FC3A4E8F1AF6E88200DABEC2 /* Alamofire.framework */,
				FC3A4E901AF6E88200DABEC2 /* Charts.framework */,
				FC3A4E911AF6E88200DABEC2 /* JTCalendar.framework */,
				FC3A4E921AF6E88200DABEC2 /* Reachability.framework */,
				548226BD1AC57CD300EEEFCB /* libMuvrPreclassification.a */,
				16D2F8864F1B66657A209A69 /* Pods.framework */,
			);
			name = Frameworks;
			sourceTree = "<group>";
		};
		54005C901B0755D800BF0732 /* ApplicationState */ = {
			isa = PBXGroup;
			children = (
				54820DF81AF2811300E3AEC2 /* MRApplicationState.swift */,
				54005C931B07560400BF0732 /* MRApplicationState+Sync.swift */,
			);
			name = ApplicationState;
			sourceTree = "<group>";
		};
		5403814F1AEC2B47000C8B15 /* UIControls */ = {
			isa = PBXGroup;
			children = (
				540381561AECFB25000C8B15 /* MRSensorView.swift */,
				540381501AEC2B5A000C8B15 /* MRButton.swift */,
				54B610841AF3B6020034F2DD /* MRResistanceExerciseSetIntensityView.swift */,
			);
			name = UIControls;
			path = Muvr/UIControls;
			sourceTree = SOURCE_ROOT;
		};
		5403A8781AF3B3C000FB8381 /* Home */ = {
			isa = PBXGroup;
			children = (
				5403A8791AF3B3D000FB8381 /* MRHomeViewController.swift */,
				54B610861AF3B7A80034F2DD /* MRResistanceExerciseSetTableViewCell.swift */,
			);
			name = Home;
			sourceTree = "<group>";
		};
		541ABB951AC577E00056A81B = {
			isa = PBXGroup;
			children = (
				541ABBA01AC577E00056A81B /* Muvr */,
				541ABBB61AC577E00056A81B /* MuvrTests */,
				541ABB9F1AC577E00056A81B /* Products */,
				87E693A6B954E9533DB1FC04 /* Pods */,
				288CCE5D5AB7F6FBE827B7C7 /* Frameworks */,
			);
			sourceTree = "<group>";
		};
		541ABB9F1AC577E00056A81B /* Products */ = {
			isa = PBXGroup;
			children = (
				541ABB9E1AC577E00056A81B /* Muvr.app */,
				541ABBB31AC577E00056A81B /* MuvrTests.xctest */,
			);
			name = Products;
			sourceTree = "<group>";
		};
		541ABBA01AC577E00056A81B /* Muvr */ = {
			isa = PBXGroup;
			children = (
				54005C901B0755D800BF0732 /* ApplicationState */,
				547E6A921AF377FE005DE00C /* DataModel */,
				547E6A871AF35793005DE00C /* Model */,
				FC5593AE1ADBE56400F235ED /* Alamofire */,
				FC5593AB1ADBE05300F235ED /* MuvrServer */,
				543374231AD01104005864D7 /* Ext */,
				543374141AD010B1005864D7 /* Predef */,
				543374101AD01060005864D7 /* Device */,
				5403814F1AEC2B47000C8B15 /* UIControls */,
				547E6A821AF35680005DE00C /* Exercise */,
				5403A8781AF3B3C000FB8381 /* Home */,
				541ABBA31AC577E00056A81B /* MRAppDelegate.swift */,
				54820DFA1AF2895100E3AEC2 /* MRLoginViewController.swift */,
				541ABBAA1AC577E00056A81B /* Images.xcassets */,
				541ABBA71AC577E00056A81B /* Main.storyboard */,
				541ABBAC1AC577E00056A81B /* LaunchScreen.xib */,
				541ABBA11AC577E00056A81B /* Supporting Files */,
				54F0DC221AC57E8D0061EC5D /* MuvrPreclassification */,
				548225511AC57A3500EEEFCB /* Muvr-Bridging-Header.h */,
				FC1AC75A1ADE984500832DE7 /* MRUserDefaults.swift */,
				5403815E1AED28A0000C8B15 /* Settings.bundle */,
				54820DFC1AF28D1900E3AEC2 /* Result+GetOrUnit.swift */,
				54477CFB1AF4E82E00F502EC /* Localizable.strings */,
				5455E72F1AFA73C70049BB6B /* NSDate+DateUtils.swift */,
				548225521AC57A3500EEEFCB /* MRPreclassification.h */,
				548225531AC57A3500EEEFCB /* MRPreclassification.mm */,
				5488F3A01AFF8E1A0086BF7B /* MRExercisePlan.mm */,
				5488F3A21AFF8E340086BF7B /* MRExercisePlan.h */,
				54DBE3691B05DABA00BD76CD /* MRPreclassificationScaffolding.h */,
				54DBE36A1B05DC2900BD76CD /* MRPreclassificationScaffolding.mm */,
			);
			path = Muvr;
			sourceTree = "<group>";
		};
		541ABBA11AC577E00056A81B /* Supporting Files */ = {
			isa = PBXGroup;
			children = (
				541ABBA21AC577E00056A81B /* Info.plist */,
			);
			name = "Supporting Files";
			sourceTree = "<group>";
		};
		541ABBB61AC577E00056A81B /* MuvrTests */ = {
			isa = PBXGroup;
			children = (
				541ABBB91AC577E00056A81B /* MuvrTests.swift */,
				541ABBB71AC577E00056A81B /* Supporting Files */,
			);
			path = MuvrTests;
			sourceTree = "<group>";
		};
		541ABBB71AC577E00056A81B /* Supporting Files */ = {
			isa = PBXGroup;
			children = (
				541ABBB81AC577E00056A81B /* Info.plist */,
			);
			name = "Supporting Files";
			sourceTree = "<group>";
		};
		543374101AD01060005864D7 /* Device */ = {
			isa = PBXGroup;
			children = (
				543374281AD011A3005864D7 /* MRDeviceSessionDelegate.swift */,
				543374111AD01060005864D7 /* Pebble */,
			);
			path = Device;
			sourceTree = "<group>";
		};
		543374111AD01060005864D7 /* Pebble */ = {
			isa = PBXGroup;
			children = (
				543374121AD01060005864D7 /* MRRawPebbleDeviceSession.swift */,
			);
			path = Pebble;
			sourceTree = "<group>";
		};
		543374141AD010B1005864D7 /* Predef */ = {
			isa = PBXGroup;
			children = (
				543374151AD010B1005864D7 /* Array.swift */,
				543374161AD010B1005864D7 /* Box.swift */,
				543374171AD010B1005864D7 /* Dictionary.swift */,
				543374181AD010B1005864D7 /* Either.swift */,
				543374191AD010B1005864D7 /* Operators.swift */,
				5433741A1AD010B1005864D7 /* Predef.swift */,
				5433741B1AD010B1005864D7 /* Result.swift */,
			);
			path = Predef;
			sourceTree = "<group>";
		};
		543374231AD01104005864D7 /* Ext */ = {
			isa = PBXGroup;
			children = (
				543374241AD01104005864D7 /* NSError+Convenience.swift */,
				5433742E1AD01345005864D7 /* String+MD5.swift */,
				543374261AD0111B005864D7 /* String+Localisation.swift */,
			);
			path = Ext;
			sourceTree = "<group>";
		};
		547E6A821AF35680005DE00C /* Exercise */ = {
			isa = PBXGroup;
			children = (
				547E6A831AF356C0005DE00C /* MRExerciseSessionAdHocViewController.swift */,
				54B610901AF3C5B00034F2DD /* MRExerciseSessionViewController.swift */,
				540381541AECFB05000C8B15 /* MRExerciseSessionClassificationCompletedViewController.swift */,
				541ABBA51AC577E00056A81B /* MRExerciseSessionDeviceDataViewController.swift */,
				54D35FD71AF4E02100A5295D /* MRExerciseSessionPlanViewController.swift */,
				54F288111B00A6F300E4D591 /* MRExerciseSessionUserClassification.swift */,
				54B610921AF3C6010034F2DD /* Exercise.storyboard */,
				54BC18B01B0391EA004C179B /* MRExercisePlanDelegate.swift */,
			);
			name = Exercise;
			sourceTree = "<group>";
		};
		547E6A871AF35793005DE00C /* Model */ = {
			isa = PBXGroup;
			children = (
				54F288151B00B46C00E4D591 /* MRExercise.swift */,
				54F288171B00B4B500E4D591 /* MRExercise+Marshalling.swift */,
				540381601AED2F85000C8B15 /* MRExerciseSetExample.swift */,
				540381621AED2FD1000C8B15 /* MRExerciseSetExample+Marshalling.swift */,
				540381521AEC3567000C8B15 /* MRTypes.swift */,
				54820DFE1AF2971900E3AEC2 /* MRTypes+Marshalling.swift */,
				547E6A8A1AF36938005DE00C /* MRMuscleGroup.swift */,
				547E6A8C1AF36A10005DE00C /* MRMuscleGroup+Marshalling.swift */,
				54F2881D1B00BD0100E4D591 /* MRMuscleGroup+Localisation.swift */,
				54B6108A1AF3B9C40034F2DD /* MRResistanceExerciseSession.swift */,
				5455E7291AFA3DD60049BB6B /* MRResistanceExerciseSession+Marshalling.swift */,
				5455E7271AFA3C820049BB6B /* MRResistanceExerciseSessionProperties.swift */,
				5455E72B1AFA3E170049BB6B /* MRResistanceExerciseSessionProperties+Marshalling.swift */,
				5455E72D1AFA6E6D0049BB6B /* NSDate+Marshalling.swift */,
				5447E7F61B00FB7C0003C0A0 /* MRResistanceExercisePlan.swift */,
				5447E7FA1B010C860003C0A0 /* MRResistanceExercisePlan+Marshalling.swift */,
				5447E7FC1B010E5F0003C0A0 /* MRResistanceExercisePlan+Localisation.swift */,
				5447E7FE1B0114170003C0A0 /* MRResistanceExercise+Localisation.swift */,
				54005C971B07641F00BF0732 /* MRExercisePlanDeviation+Marshalling.swift */,
				54005C991B07647100BF0732 /* MRExercisePlanItem+Marshalling.swift */,
				54005C9B1B0764E300BF0732 /* MRRest+Marshalling.swift */,
			);
			name = Model;
			sourceTree = "<group>";
		};
		547E6A921AF377FE005DE00C /* DataModel */ = {
			isa = PBXGroup;
			children = (
				54F288191B00BBAA00E4D591 /* default-exercises.json */,
				54F2881A1B00BBAA00E4D591 /* default-musclegroups.json */,
				5447E7F81B010C2B0003C0A0 /* default-resistanceplans.json */,
				5455E7211AF90FF80049BB6B /* MRDataModel.swift */,
				547E6A901AF374FF005DE00C /* MRDataModel+Defaults.swift */,
				5455E7231AFA2D440049BB6B /* MRDataModel+DD.swift */,
				5455E7251AFA30920049BB6B /* MRDataModel+CustomTypes.swift */,
				54005C951B07566900BF0732 /* MRDataModel+Housekeeping.swift */,
			);
			name = DataModel;
			sourceTree = "<group>";
		};
		54F0DC221AC57E8D0061EC5D /* MuvrPreclassification */ = {
			isa = PBXGroup;
			children = (
				54F0DC231AC57E8D0061EC5D /* CMakeLists.txt */,
				FC39706A1AEA78E200829357 /* config */,
				54F0DC241AC57E8D0061EC5D /* include */,
				54F0DC2A1AC57E8D0061EC5D /* main */,
				54F0DC3A1AC57E8D0061EC5D /* test */,
			);
			path = MuvrPreclassification;
			sourceTree = "<group>";
		};
		54F0DC241AC57E8D0061EC5D /* include */ = {
			isa = PBXGroup;
			children = (
				5488F39F1AFF8CA00086BF7B /* exercise_plan.h */,
				FC3A4E8E1AF6E3EB00DABEC2 /* ensemble_classifier.h */,
				5464EBC01AF4E21400B5317B /* classifier_loader.h */,
				FC3970631AEA6CEB00829357 /* svm_classifier_factory.h */,
				5403814A1AEBBE3B000C8B15 /* export.h */,
				FC3970641AEA6CEC00829357 /* svm_classifier.h */,
				FC3970651AEA6CEC00829357 /* svm.h */,
				5443FA741AE69DC900CC229D /* easylogging++.h */,
				542AB2081ACC4FC400F20299 /* piecewise_aggregate_approximation.h */,
				FC5593C71ADD7E5400F235ED /* classifier.h */,
				542AB20A1ACC4FC400F20299 /* symbol_alphabet.h */,
				542AB20B1ACC4FC400F20299 /* symbolic_aggregate_approximation.h */,
				54F0DC251AC57E8D0061EC5D /* device_data.h */,
				54F0DC261AC57E8D0061EC5D /* device_data_decoder.h */,
				54F0DC271AC57E8D0061EC5D /* raw_sensor_data.h */,
				54F0DC281AC57E8D0061EC5D /* sensor_data.h */,
				54F0DC291AC57E8D0061EC5D /* sensor_symbol.h */,
			);
			path = include;
			sourceTree = "<group>";
		};
		54F0DC2A1AC57E8D0061EC5D /* main */ = {
			isa = PBXGroup;
			children = (
				54F0DC2B1AC57E8D0061EC5D /* CMakeLists.txt */,
				54F0DC2C1AC57E8D0061EC5D /* M */,
				54F0DC341AC57E8D0061EC5D /* cc */,
			);
			path = main;
			sourceTree = "<group>";
		};
		54F0DC2C1AC57E8D0061EC5D /* M */ = {
			isa = PBXGroup;
			children = (
			);
			path = M;
			sourceTree = "<group>";
		};
		54F0DC341AC57E8D0061EC5D /* cc */ = {
			isa = PBXGroup;
			children = (
				5488F39B1AFF8C960086BF7B /* exercise_plan.cc */,
				5488F39C1AFF8C960086BF7B /* simple_exercise_plan.cc */,
				FCEFD5B51AF8B315007C840F /* device_data_encoder.cc */,
				FC3A4E8C1AF6E3DF00DABEC2 /* ensemble_classifier.cc */,
				5464EBBE1AF4E1FD00B5317B /* classifier_loader.cc */,
				FC39705D1AEA6CC900829357 /* svm_classifier_factory.cc */,
				5403814B1AEBBE45000C8B15 /* export.cc */,
				FC39705E1AEA6CC900829357 /* svm_classifier.cc */,
				FC39705F1AEA6CC900829357 /* svm.cc */,
				542AB20C1ACC4FD100F20299 /* piecewise_aggregate_approximation.cc */,
				542AB2101ACC4FD100F20299 /* sensor_data_fuser.cc */,
				5443FA751AE69E1400CC229D /* sensor_data_fuser_rsde.cc */,
				5443FA761AE69E1400CC229D /* sensor_data_fuser_rsdt.cc */,
				5443FA771AE69E1400CC229D /* sensor_data_fuser_sce.cc */,
				5443FA781AE69E1400CC229D /* sensor_data_fuser_sct.cc */,
				542AB2111ACC4FD100F20299 /* symbol_alphabet.cc */,
				542AB2121ACC4FD100F20299 /* symbolic_aggregate_approximation.cc */,
				54F0DC351AC57E8D0061EC5D /* device_data_decoder.cc */,
				54F0DC361AC57E8D0061EC5D /* exercise_decider.cc */,
				54F0DC371AC57E8D0061EC5D /* kalman_smooth.cc */,
				54F0DC381AC57E8D0061EC5D /* nomovement_decider.cc */,
				54F0DC391AC57E8D0061EC5D /* raw_sensor_data.cc */,
			);
			path = cc;
			sourceTree = "<group>";
		};
		54F0DC3A1AC57E8D0061EC5D /* test */ = {
			isa = PBXGroup;
			children = (
				54F0DC3B1AC57E8D0061EC5D /* CMakeLists.txt */,
				54F0DC3C1AC57E8D0061EC5D /* cc */,
				54F0DC461AC57E8D0061EC5D /* resources */,
			);
			path = test;
			sourceTree = "<group>";
		};
		54F0DC3C1AC57E8D0061EC5D /* cc */ = {
			isa = PBXGroup;
			children = (
				54F0DC3D1AC57E8D0061EC5D /* device_data_decoder_test.cc */,
				54F0DC3E1AC57E8D0061EC5D /* device_data_generator.cc */,
				54F0DC3F1AC57E8D0061EC5D /* exercise_decider_perf_test.cc */,
				54F0DC401AC57E8D0061EC5D /* exercise_decider_test.cc */,
				54F0DC411AC57E8D0061EC5D /* movement_decider_test.cc */,
				54F0DC421AC57E8D0061EC5D /* raw_sensor_data_generator.cc */,
				54F0DC431AC57E8D0061EC5D /* raw_sensor_data_loader.cc */,
				54F0DC441AC57E8D0061EC5D /* sigfft_test.cc */,
				54F0DC451AC57E8D0061EC5D /* test_data.h */,
			);
			path = cc;
			sourceTree = "<group>";
		};
		54F0DC461AC57E8D0061EC5D /* resources */ = {
			isa = PBXGroup;
			children = (
				54F0DC471AC57E8D0061EC5D /* all_4.csv */,
			);
			path = resources;
			sourceTree = "<group>";
		};
		87E693A6B954E9533DB1FC04 /* Pods */ = {
			isa = PBXGroup;
			children = (
				A04E9B04EE1C27607A68F65A /* Pods.debug.xcconfig */,
				F8F5566B19C0E8E19A7B38B9 /* Pods.release.xcconfig */,
			);
			name = Pods;
			sourceTree = "<group>";
		};
		FC39706A1AEA78E200829357 /* config */ = {
			isa = PBXGroup;
			children = (
				FC39706B1AEA78E200829357 /* svm */,
			);
			name = config;
			path = "../../../muvr-preclassification/core/config";
			sourceTree = "<group>";
		};
		FC39706B1AEA78E200829357 /* svm */ = {
			isa = PBXGroup;
			children = (
				5464EBC11AF4E24F00B5317B /* svm-model-bicep_curl-features.libsvm */,
				5464EBC21AF4E24F00B5317B /* svm-model-bicep_curl-features.rds */,
				5464EBC31AF4E24F00B5317B /* svm-model-bicep_curl-features.scale */,
				5464EBC41AF4E24F00B5317B /* svm-model-triceps_pushdown-features.libsvm */,
				5464EBC51AF4E24F00B5317B /* svm-model-triceps_pushdown-features.rds */,
				5464EBC61AF4E24F00B5317B /* svm-model-triceps_pushdown-features.scale */,
			);
			path = svm;
			sourceTree = "<group>";
		};
		FC5593AB1ADBE05300F235ED /* MuvrServer */ = {
			isa = PBXGroup;
			children = (
				54820DF31AF27DC200E3AEC2 /* MRMuvrServerURLs.swift */,
				54820DF21AF27DC200E3AEC2 /* MRMuvrServer.swift */,
			);
			name = MuvrServer;
			sourceTree = "<group>";
		};
		FC5593AE1ADBE56400F235ED /* Alamofire */ = {
			isa = PBXGroup;
			children = (
				FC5593AF1ADBE56400F235ED /* Alamofire+SwiftyJSON.h */,
				FC5593B01ADBE56400F235ED /* Alamofire+SwiftyJSON.swift */,
				FC5593B31ADBE56400F235ED /* SwiftyJSON.h */,
				FC5593B41ADBE56400F235ED /* SwiftyJSON.swift */,
			);
			path = Alamofire;
			sourceTree = "<group>";
		};
/* End PBXGroup section */

/* Begin PBXNativeTarget section */
		541ABB9D1AC577E00056A81B /* Muvr */ = {
			isa = PBXNativeTarget;
			buildConfigurationList = 541ABBBD1AC577E00056A81B /* Build configuration list for PBXNativeTarget "Muvr" */;
			buildPhases = (
				31CC8EAACADEBCCA84332C85 /* Check Pods Manifest.lock */,
				541ABB9A1AC577E00056A81B /* Sources */,
				541ABB9B1AC577E00056A81B /* Frameworks */,
				541ABB9C1AC577E00056A81B /* Resources */,
				B9254235749BB7D35FB7A2E7 /* Copy Pods Resources */,
				5AAFF8FE4287D04CFD84EE90 /* Embed Pods Frameworks */,
				5455E7341AFA77310049BB6B /* Embed Frameworks */,
			);
			buildRules = (
			);
			dependencies = (
			);
			name = Muvr;
			productName = Muvr;
			productReference = 541ABB9E1AC577E00056A81B /* Muvr.app */;
			productType = "com.apple.product-type.application";
		};
		541ABBB21AC577E00056A81B /* MuvrTests */ = {
			isa = PBXNativeTarget;
			buildConfigurationList = 541ABBC01AC577E00056A81B /* Build configuration list for PBXNativeTarget "MuvrTests" */;
			buildPhases = (
				541ABBAF1AC577E00056A81B /* Sources */,
				541ABBB01AC577E00056A81B /* Frameworks */,
				541ABBB11AC577E00056A81B /* Resources */,
			);
			buildRules = (
			);
			dependencies = (
				541ABBB51AC577E00056A81B /* PBXTargetDependency */,
			);
			name = MuvrTests;
			productName = MuvrTests;
			productReference = 541ABBB31AC577E00056A81B /* MuvrTests.xctest */;
			productType = "com.apple.product-type.bundle.unit-test";
		};
/* End PBXNativeTarget section */

/* Begin PBXProject section */
		541ABB961AC577E00056A81B /* Project object */ = {
			isa = PBXProject;
			attributes = {
				CLASSPREFIX = MR;
				LastUpgradeCheck = 0620;
				ORGANIZATIONNAME = Muvr;
				TargetAttributes = {
					541ABB9D1AC577E00056A81B = {
						CreatedOnToolsVersion = 6.2;
						DevelopmentTeam = K5TCBGB2PR;
						SystemCapabilities = {
							com.apple.BackgroundModes = {
								enabled = 1;
							};
						};
					};
					541ABBB21AC577E00056A81B = {
						CreatedOnToolsVersion = 6.2;
						TestTargetID = 541ABB9D1AC577E00056A81B;
					};
				};
			};
			buildConfigurationList = 541ABB991AC577E00056A81B /* Build configuration list for PBXProject "Muvr" */;
			compatibilityVersion = "Xcode 3.2";
			developmentRegion = English;
			hasScannedForEncodings = 0;
			knownRegions = (
				en,
				Base,
			);
			mainGroup = 541ABB951AC577E00056A81B;
			productRefGroup = 541ABB9F1AC577E00056A81B /* Products */;
			projectDirPath = "";
			projectRoot = "";
			targets = (
				541ABB9D1AC577E00056A81B /* Muvr */,
				541ABBB21AC577E00056A81B /* MuvrTests */,
			);
		};
/* End PBXProject section */

/* Begin PBXResourcesBuildPhase section */
		541ABB9C1AC577E00056A81B /* Resources */ = {
			isa = PBXResourcesBuildPhase;
			buildActionMask = 2147483647;
			files = (
				5447E7F91B010C2B0003C0A0 /* default-resistanceplans.json in Resources */,
				5403815F1AED28A0000C8B15 /* Settings.bundle in Resources */,
				54F2881B1B00BBAA00E4D591 /* default-exercises.json in Resources */,
				541ABBA91AC577E00056A81B /* Main.storyboard in Resources */,
				5464EBCA1AF4E24F00B5317B /* svm-model-triceps_pushdown-features.libsvm in Resources */,
				54F0DC561AC57E8D0061EC5D /* CMakeLists.txt in Resources */,
				54B610931AF3C6010034F2DD /* Exercise.storyboard in Resources */,
				5464EBC81AF4E24F00B5317B /* svm-model-bicep_curl-features.rds in Resources */,
				5464EBCB1AF4E24F00B5317B /* svm-model-triceps_pushdown-features.rds in Resources */,
				5464EBC71AF4E24F00B5317B /* svm-model-bicep_curl-features.libsvm in Resources */,
				54477CFD1AF4E82E00F502EC /* Localizable.strings in Resources */,
				541ABBAE1AC577E00056A81B /* LaunchScreen.xib in Resources */,
				54F2881C1B00BBAA00E4D591 /* default-musclegroups.json in Resources */,
				541ABBAB1AC577E00056A81B /* Images.xcassets in Resources */,
				5464EBC91AF4E24F00B5317B /* svm-model-bicep_curl-features.scale in Resources */,
				5464EBCC1AF4E24F00B5317B /* svm-model-triceps_pushdown-features.scale in Resources */,
			);
			runOnlyForDeploymentPostprocessing = 0;
		};
		541ABBB11AC577E00056A81B /* Resources */ = {
			isa = PBXResourcesBuildPhase;
			buildActionMask = 2147483647;
			files = (
			);
			runOnlyForDeploymentPostprocessing = 0;
		};
/* End PBXResourcesBuildPhase section */

/* Begin PBXShellScriptBuildPhase section */
		31CC8EAACADEBCCA84332C85 /* Check Pods Manifest.lock */ = {
			isa = PBXShellScriptBuildPhase;
			buildActionMask = 2147483647;
			files = (
			);
			inputPaths = (
			);
			name = "Check Pods Manifest.lock";
			outputPaths = (
			);
			runOnlyForDeploymentPostprocessing = 0;
			shellPath = /bin/sh;
			shellScript = "diff \"${PODS_ROOT}/../Podfile.lock\" \"${PODS_ROOT}/Manifest.lock\" > /dev/null\nif [[ $? != 0 ]] ; then\n    cat << EOM\nerror: The sandbox is not in sync with the Podfile.lock. Run 'pod install' or update your CocoaPods installation.\nEOM\n    exit 1\nfi\n";
			showEnvVarsInLog = 0;
		};
		5AAFF8FE4287D04CFD84EE90 /* Embed Pods Frameworks */ = {
			isa = PBXShellScriptBuildPhase;
			buildActionMask = 2147483647;
			files = (
			);
			inputPaths = (
			);
			name = "Embed Pods Frameworks";
			outputPaths = (
			);
			runOnlyForDeploymentPostprocessing = 0;
			shellPath = /bin/sh;
			shellScript = "\"${SRCROOT}/Pods/Target Support Files/Pods/Pods-frameworks.sh\"\n";
			showEnvVarsInLog = 0;
		};
		B9254235749BB7D35FB7A2E7 /* Copy Pods Resources */ = {
			isa = PBXShellScriptBuildPhase;
			buildActionMask = 2147483647;
			files = (
			);
			inputPaths = (
			);
			name = "Copy Pods Resources";
			outputPaths = (
			);
			runOnlyForDeploymentPostprocessing = 0;
			shellPath = /bin/sh;
			shellScript = "\"${SRCROOT}/Pods/Target Support Files/Pods/Pods-resources.sh\"\n";
			showEnvVarsInLog = 0;
		};
/* End PBXShellScriptBuildPhase section */

/* Begin PBXSourcesBuildPhase section */
		541ABB9A1AC577E00056A81B /* Sources */ = {
			isa = PBXSourcesBuildPhase;
			buildActionMask = 2147483647;
			files = (
				5455E72C1AFA3E170049BB6B /* MRResistanceExerciseSessionProperties+Marshalling.swift in Sources */,
				5455E7221AF90FF80049BB6B /* MRDataModel.swift in Sources */,
				54F288121B00A6F300E4D591 /* MRExerciseSessionUserClassification.swift in Sources */,
				FC3970621AEA6CC900829357 /* svm.cc in Sources */,
				548225541AC57A3500EEEFCB /* MRPreclassification.mm in Sources */,
				547E6A8D1AF36A10005DE00C /* MRMuscleGroup+Marshalling.swift in Sources */,
				543374201AD010B1005864D7 /* Operators.swift in Sources */,
				5488F39E1AFF8C960086BF7B /* simple_exercise_plan.cc in Sources */,
				54B610851AF3B6020034F2DD /* MRResistanceExerciseSetIntensityView.swift in Sources */,
				5433742F1AD01345005864D7 /* String+MD5.swift in Sources */,
				5447E7FF1B0114170003C0A0 /* MRResistanceExercise+Localisation.swift in Sources */,
				5433741E1AD010B1005864D7 /* Dictionary.swift in Sources */,
				541ABBA61AC577E00056A81B /* MRExerciseSessionDeviceDataViewController.swift in Sources */,
				5447E7FD1B010E5F0003C0A0 /* MRResistanceExercisePlan+Localisation.swift in Sources */,
				5447E7F71B00FB7C0003C0A0 /* MRResistanceExercisePlan.swift in Sources */,
				FC1AC75B1ADE984500832DE7 /* MRUserDefaults.swift in Sources */,
				54005C9A1B07647100BF0732 /* MRExercisePlanItem+Marshalling.swift in Sources */,
				5488F3A11AFF8E1A0086BF7B /* MRExercisePlan.mm in Sources */,
				5403814C1AEBBE45000C8B15 /* export.cc in Sources */,
				54005C981B07641F00BF0732 /* MRExercisePlanDeviation+Marshalling.swift in Sources */,
				54DBE36B1B05DC2900BD76CD /* MRPreclassificationScaffolding.mm in Sources */,
				54F288181B00B4B500E4D591 /* MRExercise+Marshalling.swift in Sources */,
				5443FA7B1AE69E1400CC229D /* sensor_data_fuser_sce.cc in Sources */,
				5433741F1AD010B1005864D7 /* Either.swift in Sources */,
				54F2881E1B00BD0100E4D591 /* MRMuscleGroup+Localisation.swift in Sources */,
				54820DFB1AF2895100E3AEC2 /* MRLoginViewController.swift in Sources */,
				5464EBBF1AF4E1FD00B5317B /* classifier_loader.cc in Sources */,
				FC3A4E8D1AF6E3DF00DABEC2 /* ensemble_classifier.cc in Sources */,
				5433741C1AD010B1005864D7 /* Array.swift in Sources */,
				5455E72E1AFA6E6D0049BB6B /* NSDate+Marshalling.swift in Sources */,
				5488F39D1AFF8C960086BF7B /* exercise_plan.cc in Sources */,
				543374251AD01104005864D7 /* NSError+Convenience.swift in Sources */,
				541ABBA41AC577E00056A81B /* MRAppDelegate.swift in Sources */,
				54B610911AF3C5B00034F2DD /* MRExerciseSessionViewController.swift in Sources */,
				543374131AD01060005864D7 /* MRRawPebbleDeviceSession.swift in Sources */,
				542AB2181ACC4FD100F20299 /* symbol_alphabet.cc in Sources */,
				547E6A8B1AF36938005DE00C /* MRMuscleGroup.swift in Sources */,
				540381551AECFB05000C8B15 /* MRExerciseSessionClassificationCompletedViewController.swift in Sources */,
				5403A87A1AF3B3D000FB8381 /* MRHomeViewController.swift in Sources */,
				540381511AEC2B5A000C8B15 /* MRButton.swift in Sources */,
				54820DFD1AF28D1900E3AEC2 /* Result+GetOrUnit.swift in Sources */,
				543374291AD011A3005864D7 /* MRDeviceSessionDelegate.swift in Sources */,
				54F288161B00B46C00E4D591 /* MRExercise.swift in Sources */,
				54005C941B07560400BF0732 /* MRApplicationState+Sync.swift in Sources */,
				5433741D1AD010B1005864D7 /* Box.swift in Sources */,
				5443FA7A1AE69E1400CC229D /* sensor_data_fuser_rsdt.cc in Sources */,
				FC3970611AEA6CC900829357 /* svm_classifier.cc in Sources */,
				5455E7261AFA30920049BB6B /* MRDataModel+CustomTypes.swift in Sources */,
				FC5593B71ADBE56400F235ED /* SwiftyJSON.swift in Sources */,
				FC3970601AEA6CC900829357 /* svm_classifier_factory.cc in Sources */,
				54005C961B07566900BF0732 /* MRDataModel+Housekeeping.swift in Sources */,
				5443FA791AE69E1400CC229D /* sensor_data_fuser_rsde.cc in Sources */,
				543374221AD010B1005864D7 /* Result.swift in Sources */,
				54F0DC521AC57E8D0061EC5D /* exercise_decider.cc in Sources */,
				54F0DC511AC57E8D0061EC5D /* device_data_decoder.cc in Sources */,
				5455E72A1AFA3DD60049BB6B /* MRResistanceExerciseSession+Marshalling.swift in Sources */,
				540381571AECFB25000C8B15 /* MRSensorView.swift in Sources */,
				54BC18B11B0391EA004C179B /* MRExercisePlanDelegate.swift in Sources */,
				547E6A911AF374FF005DE00C /* MRDataModel+Defaults.swift in Sources */,
				54B610871AF3B7A80034F2DD /* MRResistanceExerciseSetTableViewCell.swift in Sources */,
				540381611AED2F85000C8B15 /* MRExerciseSetExample.swift in Sources */,
				54820DF91AF2811300E3AEC2 /* MRApplicationState.swift in Sources */,
				5455E7241AFA2D440049BB6B /* MRDataModel+DD.swift in Sources */,
				FC5593B51ADBE56400F235ED /* Alamofire+SwiftyJSON.swift in Sources */,
				542AB2191ACC4FD100F20299 /* symbolic_aggregate_approximation.cc in Sources */,
				540381531AEC3567000C8B15 /* MRTypes.swift in Sources */,
				54005C9C1B0764E300BF0732 /* MRRest+Marshalling.swift in Sources */,
				540381631AED2FD1000C8B15 /* MRExerciseSetExample+Marshalling.swift in Sources */,
				547E6A841AF356C0005DE00C /* MRExerciseSessionAdHocViewController.swift in Sources */,
				54820DFF1AF2971900E3AEC2 /* MRTypes+Marshalling.swift in Sources */,
				54F0DC541AC57E8D0061EC5D /* nomovement_decider.cc in Sources */,
				5455E7301AFA73C70049BB6B /* NSDate+DateUtils.swift in Sources */,
				54820DF51AF27DC200E3AEC2 /* MRMuvrServerURLs.swift in Sources */,
				543374211AD010B1005864D7 /* Predef.swift in Sources */,
				54820DF41AF27DC200E3AEC2 /* MRMuvrServer.swift in Sources */,
				54B6108B1AF3B9C40034F2DD /* MRResistanceExerciseSession.swift in Sources */,
				5455E7281AFA3C820049BB6B /* MRResistanceExerciseSessionProperties.swift in Sources */,
				FCEFD5B61AF8B315007C840F /* device_data_encoder.cc in Sources */,
				542AB2131ACC4FD100F20299 /* piecewise_aggregate_approximation.cc in Sources */,
				5447E7FB1B010C860003C0A0 /* MRResistanceExercisePlan+Marshalling.swift in Sources */,
				54F0DC551AC57E8D0061EC5D /* raw_sensor_data.cc in Sources */,
				54D35FD81AF4E02100A5295D /* MRExerciseSessionPlanViewController.swift in Sources */,
				5443FA7C1AE69E1400CC229D /* sensor_data_fuser_sct.cc in Sources */,
				542AB2171ACC4FD100F20299 /* sensor_data_fuser.cc in Sources */,
				543374271AD0111B005864D7 /* String+Localisation.swift in Sources */,
				54F0DC531AC57E8D0061EC5D /* kalman_smooth.cc in Sources */,
			);
			runOnlyForDeploymentPostprocessing = 0;
		};
		541ABBAF1AC577E00056A81B /* Sources */ = {
			isa = PBXSourcesBuildPhase;
			buildActionMask = 2147483647;
			files = (
				541ABBBA1AC577E00056A81B /* MuvrTests.swift in Sources */,
			);
			runOnlyForDeploymentPostprocessing = 0;
		};
/* End PBXSourcesBuildPhase section */

/* Begin PBXTargetDependency section */
		541ABBB51AC577E00056A81B /* PBXTargetDependency */ = {
			isa = PBXTargetDependency;
			target = 541ABB9D1AC577E00056A81B /* Muvr */;
			targetProxy = 541ABBB41AC577E00056A81B /* PBXContainerItemProxy */;
		};
/* End PBXTargetDependency section */

/* Begin PBXVariantGroup section */
		541ABBA71AC577E00056A81B /* Main.storyboard */ = {
			isa = PBXVariantGroup;
			children = (
				541ABBA81AC577E00056A81B /* Base */,
			);
			name = Main.storyboard;
			sourceTree = "<group>";
		};
		541ABBAC1AC577E00056A81B /* LaunchScreen.xib */ = {
			isa = PBXVariantGroup;
			children = (
				541ABBAD1AC577E00056A81B /* Base */,
			);
			name = LaunchScreen.xib;
			sourceTree = "<group>";
		};
		54477CFB1AF4E82E00F502EC /* Localizable.strings */ = {
			isa = PBXVariantGroup;
			children = (
				54477CFC1AF4E82E00F502EC /* Base */,
			);
			name = Localizable.strings;
			sourceTree = "<group>";
		};
/* End PBXVariantGroup section */

/* Begin XCBuildConfiguration section */
		541ABBBB1AC577E00056A81B /* Debug */ = {
			isa = XCBuildConfiguration;
			buildSettings = {
				ALWAYS_SEARCH_USER_PATHS = NO;
				CLANG_CXX_LANGUAGE_STANDARD = "gnu++0x";
				CLANG_CXX_LIBRARY = "libc++";
				CLANG_ENABLE_MODULES = YES;
				CLANG_ENABLE_OBJC_ARC = YES;
				CLANG_WARN_BOOL_CONVERSION = YES;
				CLANG_WARN_CONSTANT_CONVERSION = YES;
				CLANG_WARN_DIRECT_OBJC_ISA_USAGE = YES_ERROR;
				CLANG_WARN_EMPTY_BODY = YES;
				CLANG_WARN_ENUM_CONVERSION = YES;
				CLANG_WARN_INT_CONVERSION = YES;
				CLANG_WARN_OBJC_ROOT_CLASS = YES_ERROR;
				CLANG_WARN_UNREACHABLE_CODE = YES;
				CLANG_WARN__DUPLICATE_METHOD_MATCH = YES;
				"CODE_SIGN_IDENTITY[sdk=iphoneos*]" = "iPhone Developer";
				COPY_PHASE_STRIP = NO;
				ENABLE_STRICT_OBJC_MSGSEND = YES;
				GCC_C_LANGUAGE_STANDARD = gnu99;
				GCC_DYNAMIC_NO_PIC = NO;
				GCC_OPTIMIZATION_LEVEL = 0;
				GCC_PREPROCESSOR_DEFINITIONS = (
					"DEBUG=1",
					"$(inherited)",
				);
				GCC_SYMBOLS_PRIVATE_EXTERN = NO;
				GCC_WARN_64_TO_32_BIT_CONVERSION = YES;
				GCC_WARN_ABOUT_RETURN_TYPE = YES_ERROR;
				GCC_WARN_UNDECLARED_SELECTOR = YES;
				GCC_WARN_UNINITIALIZED_AUTOS = YES_AGGRESSIVE;
				GCC_WARN_UNUSED_FUNCTION = YES;
				GCC_WARN_UNUSED_VARIABLE = YES;
				IPHONEOS_DEPLOYMENT_TARGET = 8.2;
				MTL_ENABLE_DEBUG_INFO = YES;
				ONLY_ACTIVE_ARCH = YES;
				SDKROOT = iphoneos;
				SWIFT_OPTIMIZATION_LEVEL = "-Onone";
			};
			name = Debug;
		};
		541ABBBC1AC577E00056A81B /* Release */ = {
			isa = XCBuildConfiguration;
			buildSettings = {
				ALWAYS_SEARCH_USER_PATHS = NO;
				CLANG_CXX_LANGUAGE_STANDARD = "gnu++0x";
				CLANG_CXX_LIBRARY = "libc++";
				CLANG_ENABLE_MODULES = YES;
				CLANG_ENABLE_OBJC_ARC = YES;
				CLANG_WARN_BOOL_CONVERSION = YES;
				CLANG_WARN_CONSTANT_CONVERSION = YES;
				CLANG_WARN_DIRECT_OBJC_ISA_USAGE = YES_ERROR;
				CLANG_WARN_EMPTY_BODY = YES;
				CLANG_WARN_ENUM_CONVERSION = YES;
				CLANG_WARN_INT_CONVERSION = YES;
				CLANG_WARN_OBJC_ROOT_CLASS = YES_ERROR;
				CLANG_WARN_UNREACHABLE_CODE = YES;
				CLANG_WARN__DUPLICATE_METHOD_MATCH = YES;
				"CODE_SIGN_IDENTITY[sdk=iphoneos*]" = "iPhone Developer";
				COPY_PHASE_STRIP = NO;
				ENABLE_NS_ASSERTIONS = NO;
				ENABLE_STRICT_OBJC_MSGSEND = YES;
				GCC_C_LANGUAGE_STANDARD = gnu99;
				GCC_WARN_64_TO_32_BIT_CONVERSION = YES;
				GCC_WARN_ABOUT_RETURN_TYPE = YES_ERROR;
				GCC_WARN_UNDECLARED_SELECTOR = YES;
				GCC_WARN_UNINITIALIZED_AUTOS = YES_AGGRESSIVE;
				GCC_WARN_UNUSED_FUNCTION = YES;
				GCC_WARN_UNUSED_VARIABLE = YES;
				IPHONEOS_DEPLOYMENT_TARGET = 8.2;
				MTL_ENABLE_DEBUG_INFO = NO;
				SDKROOT = iphoneos;
				VALIDATE_PRODUCT = YES;
			};
			name = Release;
		};
		541ABBBE1AC577E00056A81B /* Debug */ = {
			isa = XCBuildConfiguration;
			baseConfigurationReference = A04E9B04EE1C27607A68F65A /* Pods.debug.xcconfig */;
			buildSettings = {
				ASSETCATALOG_COMPILER_APPICON_NAME = AppIcon;
				CLANG_CXX_LANGUAGE_STANDARD = "gnu++14";
				CLANG_ENABLE_MODULES = YES;
				CODE_SIGN_IDENTITY = "iPhone Developer";
				"CODE_SIGN_IDENTITY[sdk=iphoneos*]" = "iPhone Developer";
				FRAMEWORK_SEARCH_PATHS = (
					"$(inherited)",
					"$(PROJECT_DIR)/build/Debug-iphoneos/Pods",
					"$(PROJECT_DIR)/UnmanagedFrameworks",
				);
				INFOPLIST_FILE = Muvr/Info.plist;
				LD_RUNPATH_SEARCH_PATHS = "$(inherited) @executable_path/Frameworks";
				LIBRARY_SEARCH_PATHS = (
					"$(inherited)",
					"$(PROJECT_DIR)/MuvrPreclassification/build/Debug-iphoneos",
				);
				PRODUCT_NAME = "$(TARGET_NAME)";
				PROVISIONING_PROFILE = "";
				SWIFT_OBJC_BRIDGING_HEADER = "Muvr/Muvr-Bridging-Header.h";
				SWIFT_OPTIMIZATION_LEVEL = "-Onone";
			};
			name = Debug;
		};
		541ABBBF1AC577E00056A81B /* Release */ = {
			isa = XCBuildConfiguration;
			baseConfigurationReference = F8F5566B19C0E8E19A7B38B9 /* Pods.release.xcconfig */;
			buildSettings = {
				ASSETCATALOG_COMPILER_APPICON_NAME = AppIcon;
				CLANG_CXX_LANGUAGE_STANDARD = "gnu++14";
				CLANG_ENABLE_MODULES = YES;
				CODE_SIGN_IDENTITY = "iPhone Developer";
				"CODE_SIGN_IDENTITY[sdk=iphoneos*]" = "iPhone Developer";
				FRAMEWORK_SEARCH_PATHS = (
					"$(inherited)",
					"$(PROJECT_DIR)/build/Debug-iphoneos/Pods",
					"$(PROJECT_DIR)/UnmanagedFrameworks",
				);
				INFOPLIST_FILE = Muvr/Info.plist;
				LD_RUNPATH_SEARCH_PATHS = "$(inherited) @executable_path/Frameworks";
				LIBRARY_SEARCH_PATHS = (
					"$(inherited)",
					"$(PROJECT_DIR)/MuvrPreclassification/build/Debug-iphoneos",
				);
				PRODUCT_NAME = "$(TARGET_NAME)";
				PROVISIONING_PROFILE = "";
				SWIFT_OBJC_BRIDGING_HEADER = "Muvr/Muvr-Bridging-Header.h";
			};
			name = Release;
		};
		541ABBC11AC577E00056A81B /* Debug */ = {
			isa = XCBuildConfiguration;
			buildSettings = {
				BUNDLE_LOADER = "$(TEST_HOST)";
				FRAMEWORK_SEARCH_PATHS = (
					"$(SDKROOT)/Developer/Library/Frameworks",
					"$(inherited)",
				);
				GCC_PREPROCESSOR_DEFINITIONS = (
					"DEBUG=1",
					"$(inherited)",
				);
				INFOPLIST_FILE = MuvrTests/Info.plist;
				LD_RUNPATH_SEARCH_PATHS = "$(inherited) @executable_path/Frameworks @loader_path/Frameworks";
				PRODUCT_NAME = "$(TARGET_NAME)";
				TEST_HOST = "$(BUILT_PRODUCTS_DIR)/Muvr.app/Muvr";
			};
			name = Debug;
		};
		541ABBC21AC577E00056A81B /* Release */ = {
			isa = XCBuildConfiguration;
			buildSettings = {
				BUNDLE_LOADER = "$(TEST_HOST)";
				FRAMEWORK_SEARCH_PATHS = (
					"$(SDKROOT)/Developer/Library/Frameworks",
					"$(inherited)",
				);
				INFOPLIST_FILE = MuvrTests/Info.plist;
				LD_RUNPATH_SEARCH_PATHS = "$(inherited) @executable_path/Frameworks @loader_path/Frameworks";
				PRODUCT_NAME = "$(TARGET_NAME)";
				TEST_HOST = "$(BUILT_PRODUCTS_DIR)/Muvr.app/Muvr";
			};
			name = Release;
		};
/* End XCBuildConfiguration section */

/* Begin XCConfigurationList section */
		541ABB991AC577E00056A81B /* Build configuration list for PBXProject "Muvr" */ = {
			isa = XCConfigurationList;
			buildConfigurations = (
				541ABBBB1AC577E00056A81B /* Debug */,
				541ABBBC1AC577E00056A81B /* Release */,
			);
			defaultConfigurationIsVisible = 0;
			defaultConfigurationName = Release;
		};
		541ABBBD1AC577E00056A81B /* Build configuration list for PBXNativeTarget "Muvr" */ = {
			isa = XCConfigurationList;
			buildConfigurations = (
				541ABBBE1AC577E00056A81B /* Debug */,
				541ABBBF1AC577E00056A81B /* Release */,
			);
			defaultConfigurationIsVisible = 0;
			defaultConfigurationName = Release;
		};
		541ABBC01AC577E00056A81B /* Build configuration list for PBXNativeTarget "MuvrTests" */ = {
			isa = XCConfigurationList;
			buildConfigurations = (
				541ABBC11AC577E00056A81B /* Debug */,
				541ABBC21AC577E00056A81B /* Release */,
			);
			defaultConfigurationIsVisible = 0;
			defaultConfigurationName = Release;
		};
/* End XCConfigurationList section */
	};
	rootObject = 541ABB961AC577E00056A81B /* Project object */;
}
